// !$*UTF8*$!
{
	archiveVersion = 1;
	classes = {
	};
	objectVersion = 42;
	objects = {

/* Begin PBXApplicationTarget section */
		0C8448A009798C6700A0F823 /* Amua */ = {
			isa = PBXApplicationTarget;
			buildConfigurationList = F43EA058097A89BA00C0FC11 /* Build configuration list for PBXApplicationTarget "Amua" */;
			buildPhases = (
				0C84498909798F7D00A0F823 /* CopyFiles */,
				0C84489B09798C6700A0F823 /* Headers */,
				0C84489C09798C6700A0F823 /* Resources */,
				0C84489D09798C6700A0F823 /* Sources */,
				0C84489E09798C6700A0F823 /* Frameworks */,
				0C84489F09798C6700A0F823 /* Rez */,
			);
			buildSettings = {
				FRAMEWORK_SEARCH_PATHS = /Users/m/Documents/Development/Amua;
				OTHER_CFLAGS = "";
				OTHER_LDFLAGS = "";
				OTHER_REZFLAGS = "";
				PRODUCT_NAME = Amua;
				SECTORDER_FLAGS = "";
				WARNING_CFLAGS = (
					"-Wmost",
					"-Wno-four-char-constants",
					"-Wno-unknown-pragmas",
				);
				WRAPPER_EXTENSION = app;
			};
			dependencies = (
			);
			name = Amua;
			productInstallPath = "$(USER_APPS_DIR)";
			productName = Amua_test2;
			productReference = 0C8448A109798C6700A0F823 /* Amua.app */;
			productSettingsXML = "<?xml version=\"1.0\" encoding=\"UTF-8\"?>
<!DOCTYPE plist PUBLIC \"-//Apple Computer//DTD PLIST 1.0//EN\" \"http://www.apple.com/DTDs/PropertyList-1.0.dtd\">
<plist version=\"1.0\">
<dict>
	<key>CFBundleDevelopmentRegion</key>
	<string>English</string>
	<key>CFBundleExecutable</key>
	<string>Amua</string>
	<key>CFBundleGetInfoString</key>
	<string></string>
	<key>CFBundleIconFile</key>
	<string>Amua</string>
	<key>CFBundleIdentifier</key>
	<string>Amua</string>
	<key>CFBundleInfoDictionaryVersion</key>
	<string>6.0</string>
	<key>CFBundleName</key>
	<string></string>
	<key>CFBundlePackageType</key>
	<string>APPL</string>
	<key>CFBundleShortVersionString</key>
	<string></string>
	<key>CFBundleSignature</key>
	<string>????</string>
	<key>CFBundleURLTypes</key>
	<array>
		<dict>
			<key>CFBundleURLName</key>
			<string>Last.fm</string>
			<key>CFBundleURLSchemes</key>
			<array>
				<string>lastfm</string>
			</array>
		</dict>
	</array>
	<key>CFBundleVersion</key>
	<string>0.5.5</string>
	<key>LSUIElement</key>
	<string>1</string>
	<key>NSMainNibFile</key>
	<string>MainMenu</string>
	<key>NSPrincipalClass</key>
	<string>NSApplication</string>
</dict>
</plist>
";
		};
/* End PBXApplicationTarget section */

/* Begin PBXBuildFile section */
		0C8448A509798D0700A0F823 /* MainMenu.nib in Resources */ = {isa = PBXBuildFile; fileRef = 29B97318FDCFA39411CA2CEA /* MainMenu.nib */; };
		0C8448A709798D0700A0F823 /* Preferences.nib in Resources */ = {isa = PBXBuildFile; fileRef = 0C83A58807C4FE47001A45EA /* Preferences.nib */; };
		0C8448A809798D0700A0F823 /* Defaults.plist in Resources */ = {isa = PBXBuildFile; fileRef = 0C88FCA507C53D6500221576 /* Defaults.plist */; };
		0C8448A909798D0700A0F823 /* Credits.html in Resources */ = {isa = PBXBuildFile; fileRef = 0CB7AD0F07C92F1A00E4342A /* Credits.html */; };
		0C8448AA09798D0700A0F823 /* Amua.icns in Resources */ = {isa = PBXBuildFile; fileRef = 0C73309107CB340600D4A0AC /* Amua.icns */; };
		0C8448AB09798D0700A0F823 /* COPYING.txt in Resources */ = {isa = PBXBuildFile; fileRef = 0C287790096EBB1B00BABB9E /* COPYING.txt */; };
		0C8448AC09798D0700A0F823 /* README.rtf in Resources */ = {isa = PBXBuildFile; fileRef = 0C287791096EBB1B00BABB9E /* README.rtf */; };
		0C8448AD09798D0700A0F823 /* version.plist in Resources */ = {isa = PBXBuildFile; fileRef = 0C287798096EBB1B00BABB9E /* version.plist */; };
		0C8448AE09798D2F00A0F823 /* AmuaController.h in Headers */ = {isa = PBXBuildFile; fileRef = 0C83A56107C4F734001A45EA /* AmuaController.h */; };
		0C8448AF09798D2F00A0F823 /* PreferencesController.h in Headers */ = {isa = PBXBuildFile; fileRef = 0C88FD5107C5449800221576 /* PreferencesController.h */; };
		0C8448B009798D2F00A0F823 /* LastfmWebService.h in Headers */ = {isa = PBXBuildFile; fileRef = 0CB7A6D107C8AA9000E4342A /* LastfmWebService.h */; };
		0C8448B109798D2F00A0F823 /* AmuaView.h in Headers */ = {isa = PBXBuildFile; fileRef = F4F3FEB807CB28C600ECE67F /* AmuaView.h */; };
		0C8448B209798D2F00A0F823 /* KeyChain.h in Headers */ = {isa = PBXBuildFile; fileRef = 0C994E0E07D13535005016EE /* KeyChain.h */; };
		0C8448B309798D2F00A0F823 /* AmuaUpdater.h in Headers */ = {isa = PBXBuildFile; fileRef = F43B316707DB2D3300E14140 /* AmuaUpdater.h */; };
		0C8448B409798D2F00A0F823 /* SongInformationPanel.h in Headers */ = {isa = PBXBuildFile; fileRef = F4EF3CE207E1E6DC003BBC9F /* SongInformationPanel.h */; };
		0C8448B509798D2F00A0F823 /* RecentStations.h in Headers */ = {isa = PBXBuildFile; fileRef = 0C287792096EBB1B00BABB9E /* RecentStations.h */; };
		0C8448B609798D2F00A0F823 /* StationController.h in Headers */ = {isa = PBXBuildFile; fileRef = 0C287794096EBB1B00BABB9E /* StationController.h */; };
		0C8448B709798D2F00A0F823 /* StationSearchService.h in Headers */ = {isa = PBXBuildFile; fileRef = 0C287796096EBB1B00BABB9E /* StationSearchService.h */; };
		0C8448B809798D5200A0F823 /* main.m in Sources */ = {isa = PBXBuildFile; fileRef = 29B97316FDCFA39411CA2CEA /* main.m */; };
		0C8448B909798D5200A0F823 /* AmuaController.m in Sources */ = {isa = PBXBuildFile; fileRef = 0C83A56007C4F734001A45EA /* AmuaController.m */; };
		0C8448BA09798D5200A0F823 /* AmuaUpdater.m in Sources */ = {isa = PBXBuildFile; fileRef = F43B316807DB2D3300E14140 /* AmuaUpdater.m */; };
		0C8448BB09798D5200A0F823 /* PreferencesController.m in Sources */ = {isa = PBXBuildFile; fileRef = 0C88FD5207C5449800221576 /* PreferencesController.m */; };
		0C8448BC09798D5200A0F823 /* LastfmWebService.m in Sources */ = {isa = PBXBuildFile; fileRef = 0CB7A6D207C8AA9000E4342A /* LastfmWebService.m */; };
		0C8448BD09798D5200A0F823 /* AmuaView.m in Sources */ = {isa = PBXBuildFile; fileRef = F4F3FEB907CB28C600ECE67F /* AmuaView.m */; };
		0C8448BE09798D5200A0F823 /* KeyChain.m in Sources */ = {isa = PBXBuildFile; fileRef = 0C994E0F07D13535005016EE /* KeyChain.m */; };
		0C8448BF09798D5200A0F823 /* SongInformationPanel.m in Sources */ = {isa = PBXBuildFile; fileRef = F4EF3CE307E1E6DC003BBC9F /* SongInformationPanel.m */; };
		0C8448C009798D5200A0F823 /* RecentStations.m in Sources */ = {isa = PBXBuildFile; fileRef = 0C287793096EBB1B00BABB9E /* RecentStations.m */; };
		0C8448C109798D5200A0F823 /* StationController.m in Sources */ = {isa = PBXBuildFile; fileRef = 0C287795096EBB1B00BABB9E /* StationController.m */; };
		0C8448C209798D5200A0F823 /* StationSearchService.m in Sources */ = {isa = PBXBuildFile; fileRef = 0C287797096EBB1B00BABB9E /* StationSearchService.m */; };
		0C84495C09798D6F00A0F823 /* Cocoa.framework in Frameworks */ = {isa = PBXBuildFile; fileRef = 0C287A6707C677F400AF7154 /* Cocoa.framework */; };
		0C84495D09798D6F00A0F823 /* Carbon.framework in Frameworks */ = {isa = PBXBuildFile; fileRef = F45B8A7F07DB7231007383B1 /* Carbon.framework */; };
		0C84495F09798D6F00A0F823 /* libcrypto.dylib in Frameworks */ = {isa = PBXBuildFile; fileRef = 0CB409E30972E5ED00E0C772 /* libcrypto.dylib */; };
		0C84496009798DB300A0F823 /* InfoPlist.strings in Resources */ = {isa = PBXBuildFile; fileRef = 089C165CFE840E0CC02AAC07 /* InfoPlist.strings */; };
		F429155709C1C8260088835A /* nocover.png in Resources */ = {isa = PBXBuildFile; fileRef = F429155609C1C8260088835A /* nocover.png */; };
		F43EA11C097A8AE700C0FC11 /* CURLHandle.framework in Frameworks */ = {isa = PBXBuildFile; fileRef = F43EA11B097A8AE700C0FC11 /* CURLHandle.framework */; };
		F43EA122097A8AED00C0FC11 /* CURLHandle.framework in CopyFiles */ = {isa = PBXBuildFile; fileRef = F43EA11B097A8AE700C0FC11 /* CURLHandle.framework */; };
		F46D60FD099646B00023FC2F /* Notification.h in Headers */ = {isa = PBXBuildFile; fileRef = F46D60FA099646B00023FC2F /* Notification.h */; };
		F46D60FE099646B00023FC2F /* Notification.m in Sources */ = {isa = PBXBuildFile; fileRef = F46D60FB099646B00023FC2F /* Notification.m */; };
		F46D60FF099646B00023FC2F /* Notification.nib in Resources */ = {isa = PBXBuildFile; fileRef = F46D60FC099646B00023FC2F /* Notification.nib */; };
		F47030E009AF6D2100F420F5 /* FloatingTextField.h in Headers */ = {isa = PBXBuildFile; fileRef = F47030DE09AF6D2100F420F5 /* FloatingTextField.h */; };
		F47030E109AF6D2100F420F5 /* FloatingTextField.m in Sources */ = {isa = PBXBuildFile; fileRef = F47030DF09AF6D2100F420F5 /* FloatingTextField.m */; };
		F4DB25B9099CCB5500E52D60 /* Debug.h in Headers */ = {isa = PBXBuildFile; fileRef = F4DB25B8099CCB5500E52D60 /* Debug.h */; };
/* End PBXBuildFile section */

/* Begin PBXBuildStyle section */
		4A9504CCFFE6A4B311CA0CBA /* Development */ = {
			isa = PBXBuildStyle;
			buildSettings = {
				COPY_PHASE_STRIP = NO;
				GCC_DYNAMIC_NO_PIC = NO;
				GCC_ENABLE_FIX_AND_CONTINUE = YES;
				GCC_GENERATE_DEBUGGING_SYMBOLS = YES;
				GCC_OPTIMIZATION_LEVEL = 0;
				ZERO_LINK = YES;
			};
			name = Development;
		};
		4A9504CDFFE6A4B311CA0CBA /* Deployment */ = {
			isa = PBXBuildStyle;
			buildSettings = {
				COPY_PHASE_STRIP = YES;
				GCC_ENABLE_FIX_AND_CONTINUE = NO;
				ZERO_LINK = NO;
			};
			name = Deployment;
		};
/* End PBXBuildStyle section */

/* Begin PBXCopyFilesBuildPhase section */
		0C84498909798F7D00A0F823 /* CopyFiles */ = {
			isa = PBXCopyFilesBuildPhase;
			buildActionMask = 2147483647;
			dstPath = "";
			dstSubfolderSpec = 10;
			files = (
				F43EA122097A8AED00C0FC11 /* CURLHandle.framework in CopyFiles */,
			);
			runOnlyForDeploymentPostprocessing = 0;
		};
/* End PBXCopyFilesBuildPhase section */

/* Begin PBXFileReference section */
		089C165DFE840E0CC02AAC07 /* English */ = {isa = PBXFileReference; fileEncoding = 10; lastKnownFileType = text.plist.strings; name = English; path = English.lproj/InfoPlist.strings; sourceTree = "<group>"; };
		0C287790096EBB1B00BABB9E /* COPYING.txt */ = {isa = PBXFileReference; fileEncoding = 30; lastKnownFileType = text; path = COPYING.txt; sourceTree = "<group>"; };
		0C287791096EBB1B00BABB9E /* README.rtf */ = {isa = PBXFileReference; lastKnownFileType = text.rtf; path = README.rtf; sourceTree = "<group>"; };
		0C287792096EBB1B00BABB9E /* RecentStations.h */ = {isa = PBXFileReference; fileEncoding = 30; lastKnownFileType = sourcecode.c.h; path = RecentStations.h; sourceTree = "<group>"; };
		0C287793096EBB1B00BABB9E /* RecentStations.m */ = {isa = PBXFileReference; fileEncoding = 30; lastKnownFileType = sourcecode.c.objc; path = RecentStations.m; sourceTree = "<group>"; };
		0C287794096EBB1B00BABB9E /* StationController.h */ = {isa = PBXFileReference; fileEncoding = 30; lastKnownFileType = sourcecode.c.h; path = StationController.h; sourceTree = "<group>"; };
		0C287795096EBB1B00BABB9E /* StationController.m */ = {isa = PBXFileReference; fileEncoding = 30; lastKnownFileType = sourcecode.c.objc; path = StationController.m; sourceTree = "<group>"; };
		0C287796096EBB1B00BABB9E /* StationSearchService.h */ = {isa = PBXFileReference; fileEncoding = 30; lastKnownFileType = sourcecode.c.h; path = StationSearchService.h; sourceTree = "<group>"; };
		0C287797096EBB1B00BABB9E /* StationSearchService.m */ = {isa = PBXFileReference; fileEncoding = 30; lastKnownFileType = sourcecode.c.objc; path = StationSearchService.m; sourceTree = "<group>"; };
		0C287798096EBB1B00BABB9E /* version.plist */ = {isa = PBXFileReference; fileEncoding = 30; lastKnownFileType = text.xml; path = version.plist; sourceTree = "<group>"; };
		0C287A6707C677F400AF7154 /* Cocoa.framework */ = {isa = PBXFileReference; lastKnownFileType = wrapper.framework; name = Cocoa.framework; path = /System/Library/Frameworks/Cocoa.framework; sourceTree = "<absolute>"; };
		0C73309107CB340600D4A0AC /* Amua.icns */ = {isa = PBXFileReference; lastKnownFileType = image.icns; path = Amua.icns; sourceTree = "<group>"; };
		0C83A56007C4F734001A45EA /* AmuaController.m */ = {isa = PBXFileReference; fileEncoding = 30; lastKnownFileType = sourcecode.c.objc; path = AmuaController.m; sourceTree = "<group>"; };
		0C83A56107C4F734001A45EA /* AmuaController.h */ = {isa = PBXFileReference; fileEncoding = 30; lastKnownFileType = sourcecode.c.h; path = AmuaController.h; sourceTree = "<group>"; };
		0C83A58807C4FE47001A45EA /* Preferences.nib */ = {isa = PBXFileReference; lastKnownFileType = wrapper.nib; path = Preferences.nib; sourceTree = "<group>"; };
		0C8448A109798C6700A0F823 /* Amua.app */ = {isa = PBXFileReference; explicitFileType = wrapper.application; includeInIndex = 0; path = Amua.app; sourceTree = BUILT_PRODUCTS_DIR; };
		0C88FCA507C53D6500221576 /* Defaults.plist */ = {isa = PBXFileReference; fileEncoding = 4; lastKnownFileType = text.plist; path = Defaults.plist; sourceTree = "<group>"; };
		0C88FD5107C5449800221576 /* PreferencesController.h */ = {isa = PBXFileReference; fileEncoding = 30; lastKnownFileType = sourcecode.c.h; path = PreferencesController.h; sourceTree = "<group>"; };
		0C88FD5207C5449800221576 /* PreferencesController.m */ = {isa = PBXFileReference; fileEncoding = 30; lastKnownFileType = sourcecode.c.objc; path = PreferencesController.m; sourceTree = "<group>"; };
		0C994E0E07D13535005016EE /* KeyChain.h */ = {isa = PBXFileReference; fileEncoding = 30; lastKnownFileType = sourcecode.c.h; path = KeyChain.h; sourceTree = "<group>"; };
		0C994E0F07D13535005016EE /* KeyChain.m */ = {isa = PBXFileReference; fileEncoding = 30; lastKnownFileType = sourcecode.c.objc; path = KeyChain.m; sourceTree = "<group>"; };
		0CB409E30972E5ED00E0C772 /* libcrypto.dylib */ = {isa = PBXFileReference; lastKnownFileType = "compiled.mach-o.dylib"; name = libcrypto.dylib; path = /usr/lib/libcrypto.dylib; sourceTree = "<absolute>"; };
		0CB7A6D107C8AA9000E4342A /* LastfmWebService.h */ = {isa = PBXFileReference; fileEncoding = 4; lastKnownFileType = sourcecode.c.h; path = LastfmWebService.h; sourceTree = "<group>"; };
		0CB7A6D207C8AA9000E4342A /* LastfmWebService.m */ = {isa = PBXFileReference; fileEncoding = 4; lastKnownFileType = sourcecode.c.objc; path = LastfmWebService.m; sourceTree = "<group>"; };
		0CB7AD0F07C92F1A00E4342A /* Credits.html */ = {isa = PBXFileReference; fileEncoding = 4; lastKnownFileType = text.html; path = Credits.html; sourceTree = "<group>"; };
		29B97316FDCFA39411CA2CEA /* main.m */ = {isa = PBXFileReference; fileEncoding = 4; lastKnownFileType = sourcecode.c.objc; path = main.m; sourceTree = "<group>"; };
		29B97319FDCFA39411CA2CEA /* English */ = {isa = PBXFileReference; lastKnownFileType = wrapper.nib; name = English; path = English.lproj/MainMenu.nib; sourceTree = "<group>"; };
		29B97324FDCFA39411CA2CEA /* AppKit.framework */ = {isa = PBXFileReference; lastKnownFileType = wrapper.framework; name = AppKit.framework; path = /System/Library/Frameworks/AppKit.framework; sourceTree = "<absolute>"; };
		29B97325FDCFA39411CA2CEA /* Foundation.framework */ = {isa = PBXFileReference; lastKnownFileType = wrapper.framework; name = Foundation.framework; path = /System/Library/Frameworks/Foundation.framework; sourceTree = "<absolute>"; };
		32CA4F630368D1EE00C91783 /* Amua_Prefix.pch */ = {isa = PBXFileReference; fileEncoding = 4; lastKnownFileType = sourcecode.c.h; path = Amua_Prefix.pch; sourceTree = "<group>"; };
		F429155609C1C8260088835A /* nocover.png */ = {isa = PBXFileReference; lastKnownFileType = image.png; path = nocover.png; sourceTree = "<group>"; };
		F43B316707DB2D3300E14140 /* AmuaUpdater.h */ = {isa = PBXFileReference; fileEncoding = 4; lastKnownFileType = sourcecode.c.h; path = AmuaUpdater.h; sourceTree = "<group>"; };
		F43B316807DB2D3300E14140 /* AmuaUpdater.m */ = {isa = PBXFileReference; fileEncoding = 4; lastKnownFileType = sourcecode.c.objc; path = AmuaUpdater.m; sourceTree = "<group>"; };
		F43EA11B097A8AE700C0FC11 /* CURLHandle.framework */ = {isa = PBXFileReference; lastKnownFileType = wrapper.framework; path = CURLHandle.framework; sourceTree = "<group>"; };
		F45B8A7F07DB7231007383B1 /* Carbon.framework */ = {isa = PBXFileReference; lastKnownFileType = wrapper.framework; name = Carbon.framework; path = /System/Library/Frameworks/Carbon.framework; sourceTree = "<absolute>"; };
		F46D60FA099646B00023FC2F /* Notification.h */ = {isa = PBXFileReference; fileEncoding = 30; lastKnownFileType = sourcecode.c.h; path = Notification.h; sourceTree = "<group>"; };
		F46D60FB099646B00023FC2F /* Notification.m */ = {isa = PBXFileReference; fileEncoding = 30; lastKnownFileType = sourcecode.c.objc; path = Notification.m; sourceTree = "<group>"; };
		F46D60FC099646B00023FC2F /* Notification.nib */ = {isa = PBXFileReference; lastKnownFileType = wrapper.nib; path = Notification.nib; sourceTree = "<group>"; };
		F47030DE09AF6D2100F420F5 /* FloatingTextField.h */ = {isa = PBXFileReference; fileEncoding = 30; lastKnownFileType = sourcecode.c.h; path = FloatingTextField.h; sourceTree = "<group>"; };
		F47030DF09AF6D2100F420F5 /* FloatingTextField.m */ = {isa = PBXFileReference; fileEncoding = 30; lastKnownFileType = sourcecode.c.objc; path = FloatingTextField.m; sourceTree = "<group>"; };
		F4DB25B8099CCB5500E52D60 /* Debug.h */ = {isa = PBXFileReference; fileEncoding = 4; lastKnownFileType = sourcecode.c.h; path = Debug.h; sourceTree = "<group>"; };
		F4EF3CE207E1E6DC003BBC9F /* SongInformationPanel.h */ = {isa = PBXFileReference; fileEncoding = 30; lastKnownFileType = sourcecode.c.h; path = SongInformationPanel.h; sourceTree = "<group>"; };
		F4EF3CE307E1E6DC003BBC9F /* SongInformationPanel.m */ = {isa = PBXFileReference; fileEncoding = 30; lastKnownFileType = sourcecode.c.objc; path = SongInformationPanel.m; sourceTree = "<group>"; };
		F4F3FEB807CB28C600ECE67F /* AmuaView.h */ = {isa = PBXFileReference; fileEncoding = 30; lastKnownFileType = sourcecode.c.h; path = AmuaView.h; sourceTree = "<group>"; };
		F4F3FEB907CB28C600ECE67F /* AmuaView.m */ = {isa = PBXFileReference; fileEncoding = 30; lastKnownFileType = sourcecode.c.objc; path = AmuaView.m; sourceTree = "<group>"; };
/* End PBXFileReference section */

/* Begin PBXFrameworksBuildPhase section */
		0C84489E09798C6700A0F823 /* Frameworks */ = {
			isa = PBXFrameworksBuildPhase;
			buildActionMask = 2147483647;
			files = (
				0C84495C09798D6F00A0F823 /* Cocoa.framework in Frameworks */,
				0C84495D09798D6F00A0F823 /* Carbon.framework in Frameworks */,
				0C84495F09798D6F00A0F823 /* libcrypto.dylib in Frameworks */,
				F43EA11C097A8AE700C0FC11 /* CURLHandle.framework in Frameworks */,
			);
			runOnlyForDeploymentPostprocessing = 0;
		};
/* End PBXFrameworksBuildPhase section */

/* Begin PBXGroup section */
		080E96DDFE201D6D7F000001 /* Classes */ = {
			isa = PBXGroup;
			children = (
				0C83A56007C4F734001A45EA /* AmuaController.m */,
				0CB7A6D207C8AA9000E4342A /* LastfmWebService.m */,
				0C88FD5207C5449800221576 /* PreferencesController.m */,
				F4F3FEB907CB28C600ECE67F /* AmuaView.m */,
				F4EF3CE307E1E6DC003BBC9F /* SongInformationPanel.m */,
				F43B316807DB2D3300E14140 /* AmuaUpdater.m */,
				0C994E0F07D13535005016EE /* KeyChain.m */,
				0C287793096EBB1B00BABB9E /* RecentStations.m */,
				0C287795096EBB1B00BABB9E /* StationController.m */,
				0C287797096EBB1B00BABB9E /* StationSearchService.m */,
				F46D60FB099646B00023FC2F /* Notification.m */,
				F47030DF09AF6D2100F420F5 /* FloatingTextField.m */,
			);
			name = Classes;
			sourceTree = "<group>";
		};
		1058C7A0FEA54F0111CA2CBB /* Linked Frameworks */ = {
			isa = PBXGroup;
			children = (
				F43EA11B097A8AE700C0FC11 /* CURLHandle.framework */,
				0CB409E30972E5ED00E0C772 /* libcrypto.dylib */,
				F45B8A7F07DB7231007383B1 /* Carbon.framework */,
				0C287A6707C677F400AF7154 /* Cocoa.framework */,
			);
			name = "Linked Frameworks";
			sourceTree = "<group>";
		};
		1058C7A2FEA54F0111CA2CBB /* Other Frameworks */ = {
			isa = PBXGroup;
			children = (
				29B97325FDCFA39411CA2CEA /* Foundation.framework */,
				29B97324FDCFA39411CA2CEA /* AppKit.framework */,
			);
			name = "Other Frameworks";
			sourceTree = "<group>";
		};
		19C28FACFE9D520D11CA2CBB /* Products */ = {
			isa = PBXGroup;
			children = (
				0C8448A109798C6700A0F823 /* Amua.app */,
			);
			name = Products;
			sourceTree = "<group>";
		};
		29B97314FDCFA39411CA2CEA /* Amua */ = {
			isa = PBXGroup;
			children = (
				F43B313507DA3E4200E14140 /* Headers */,
				080E96DDFE201D6D7F000001 /* Classes */,
				29B97315FDCFA39411CA2CEA /* Other Sources */,
				29B97317FDCFA39411CA2CEA /* Resources */,
				29B97323FDCFA39411CA2CEA /* Frameworks */,
				19C28FACFE9D520D11CA2CBB /* Products */,
			);
			name = Amua;
			sourceTree = "<group>";
		};
		29B97315FDCFA39411CA2CEA /* Other Sources */ = {
			isa = PBXGroup;
			children = (
				32CA4F630368D1EE00C91783 /* Amua_Prefix.pch */,
				29B97316FDCFA39411CA2CEA /* main.m */,
			);
			name = "Other Sources";
			sourceTree = "<group>";
		};
		29B97317FDCFA39411CA2CEA /* Resources */ = {
			isa = PBXGroup;
			children = (
				0CB7AD0F07C92F1A00E4342A /* Credits.html */,
				0C88FCA507C53D6500221576 /* Defaults.plist */,
				0C287798096EBB1B00BABB9E /* version.plist */,
				0C287791096EBB1B00BABB9E /* README.rtf */,
				0C287790096EBB1B00BABB9E /* COPYING.txt */,
				0C73309107CB340600D4A0AC /* Amua.icns */,
				F429155609C1C8260088835A /* nocover.png */,
				089C165CFE840E0CC02AAC07 /* InfoPlist.strings */,
				29B97318FDCFA39411CA2CEA /* MainMenu.nib */,
				0C83A58807C4FE47001A45EA /* Preferences.nib */,
				F46D60FC099646B00023FC2F /* Notification.nib */,
			);
			name = Resources;
			sourceTree = "<group>";
		};
		29B97323FDCFA39411CA2CEA /* Frameworks */ = {
			isa = PBXGroup;
			children = (
				1058C7A0FEA54F0111CA2CBB /* Linked Frameworks */,
				1058C7A2FEA54F0111CA2CBB /* Other Frameworks */,
			);
			name = Frameworks;
			sourceTree = "<group>";
		};
		F43B313507DA3E4200E14140 /* Headers */ = {
			isa = PBXGroup;
			children = (
				0C83A56107C4F734001A45EA /* AmuaController.h */,
				0CB7A6D107C8AA9000E4342A /* LastfmWebService.h */,
				0C88FD5107C5449800221576 /* PreferencesController.h */,
				F4F3FEB807CB28C600ECE67F /* AmuaView.h */,
				F4EF3CE207E1E6DC003BBC9F /* SongInformationPanel.h */,
				F43B316707DB2D3300E14140 /* AmuaUpdater.h */,
				0C994E0E07D13535005016EE /* KeyChain.h */,
				0C287792096EBB1B00BABB9E /* RecentStations.h */,
				0C287794096EBB1B00BABB9E /* StationController.h */,
				0C287796096EBB1B00BABB9E /* StationSearchService.h */,
				F46D60FA099646B00023FC2F /* Notification.h */,
				F4DB25B8099CCB5500E52D60 /* Debug.h */,
				F47030DE09AF6D2100F420F5 /* FloatingTextField.h */,
			);
			name = Headers;
			sourceTree = "<group>";
		};
/* End PBXGroup section */

/* Begin PBXHeadersBuildPhase section */
		0C84489B09798C6700A0F823 /* Headers */ = {
			isa = PBXHeadersBuildPhase;
			buildActionMask = 2147483647;
			files = (
				0C8448AE09798D2F00A0F823 /* AmuaController.h in Headers */,
				0C8448AF09798D2F00A0F823 /* PreferencesController.h in Headers */,
				0C8448B009798D2F00A0F823 /* LastfmWebService.h in Headers */,
				0C8448B109798D2F00A0F823 /* AmuaView.h in Headers */,
				0C8448B209798D2F00A0F823 /* KeyChain.h in Headers */,
				0C8448B309798D2F00A0F823 /* AmuaUpdater.h in Headers */,
				0C8448B409798D2F00A0F823 /* SongInformationPanel.h in Headers */,
				0C8448B509798D2F00A0F823 /* RecentStations.h in Headers */,
				0C8448B609798D2F00A0F823 /* StationController.h in Headers */,
				0C8448B709798D2F00A0F823 /* StationSearchService.h in Headers */,
				F46D60FD099646B00023FC2F /* Notification.h in Headers */,
				F4DB25B9099CCB5500E52D60 /* Debug.h in Headers */,
				F47030E009AF6D2100F420F5 /* FloatingTextField.h in Headers */,
			);
			runOnlyForDeploymentPostprocessing = 0;
		};
/* End PBXHeadersBuildPhase section */

/* Begin PBXProject section */
		29B97313FDCFA39411CA2CEA /* Project object */ = {
			isa = PBXProject;
			buildConfigurationList = F43EA05C097A89BA00C0FC11 /* Build configuration list for PBXProject "Amua" */;
			buildSettings = {
			};
			buildStyles = (
				4A9504CCFFE6A4B311CA0CBA /* Development */,
				4A9504CDFFE6A4B311CA0CBA /* Deployment */,
			);
			hasScannedForEncodings = 1;
			mainGroup = 29B97314FDCFA39411CA2CEA /* Amua */;
			projectDirPath = "";
			targets = (
				0C8448A009798C6700A0F823 /* Amua */,
			);
		};
/* End PBXProject section */

/* Begin PBXResourcesBuildPhase section */
		0C84489C09798C6700A0F823 /* Resources */ = {
			isa = PBXResourcesBuildPhase;
			buildActionMask = 2147483647;
			files = (
				0C84496009798DB300A0F823 /* InfoPlist.strings in Resources */,
				0C8448A509798D0700A0F823 /* MainMenu.nib in Resources */,
				0C8448A709798D0700A0F823 /* Preferences.nib in Resources */,
				F46D60FF099646B00023FC2F /* Notification.nib in Resources */,
				0C8448A809798D0700A0F823 /* Defaults.plist in Resources */,
				0C8448A909798D0700A0F823 /* Credits.html in Resources */,
				0C8448AA09798D0700A0F823 /* Amua.icns in Resources */,
				0C8448AB09798D0700A0F823 /* COPYING.txt in Resources */,
				0C8448AC09798D0700A0F823 /* README.rtf in Resources */,
				0C8448AD09798D0700A0F823 /* version.plist in Resources */,
				F429155709C1C8260088835A /* nocover.png in Resources */,
			);
			runOnlyForDeploymentPostprocessing = 0;
		};
/* End PBXResourcesBuildPhase section */

/* Begin PBXRezBuildPhase section */
		0C84489F09798C6700A0F823 /* Rez */ = {
			isa = PBXRezBuildPhase;
			buildActionMask = 2147483647;
			files = (
			);
			runOnlyForDeploymentPostprocessing = 0;
		};
/* End PBXRezBuildPhase section */

/* Begin PBXSourcesBuildPhase section */
		0C84489D09798C6700A0F823 /* Sources */ = {
			isa = PBXSourcesBuildPhase;
			buildActionMask = 2147483647;
			files = (
				0C8448B809798D5200A0F823 /* main.m in Sources */,
				0C8448B909798D5200A0F823 /* AmuaController.m in Sources */,
				0C8448BA09798D5200A0F823 /* AmuaUpdater.m in Sources */,
				0C8448BB09798D5200A0F823 /* PreferencesController.m in Sources */,
				0C8448BC09798D5200A0F823 /* LastfmWebService.m in Sources */,
				0C8448BD09798D5200A0F823 /* AmuaView.m in Sources */,
				0C8448BE09798D5200A0F823 /* KeyChain.m in Sources */,
				0C8448BF09798D5200A0F823 /* SongInformationPanel.m in Sources */,
				0C8448C009798D5200A0F823 /* RecentStations.m in Sources */,
				0C8448C109798D5200A0F823 /* StationController.m in Sources */,
				0C8448C209798D5200A0F823 /* StationSearchService.m in Sources */,
				F46D60FE099646B00023FC2F /* Notification.m in Sources */,
				F47030E109AF6D2100F420F5 /* FloatingTextField.m in Sources */,
			);
			runOnlyForDeploymentPostprocessing = 0;
		};
/* End PBXSourcesBuildPhase section */

/* Begin PBXVariantGroup section */
		089C165CFE840E0CC02AAC07 /* InfoPlist.strings */ = {
			isa = PBXVariantGroup;
			children = (
				089C165DFE840E0CC02AAC07 /* English */,
			);
			name = InfoPlist.strings;
			sourceTree = "<group>";
		};
		29B97318FDCFA39411CA2CEA /* MainMenu.nib */ = {
			isa = PBXVariantGroup;
			children = (
				29B97319FDCFA39411CA2CEA /* English */,
			);
			name = MainMenu.nib;
			sourceTree = "<group>";
		};
/* End PBXVariantGroup section */

/* Begin XCBuildConfiguration section */
		F43EA059097A89BA00C0FC11 /* Development */ = {
			isa = XCBuildConfiguration;
			buildSettings = {
				COPY_PHASE_STRIP = NO;
				FRAMEWORK_SEARCH_PATHS = "\"$(SRCROOT)\"";
				GCC_DYNAMIC_NO_PIC = NO;
				GCC_ENABLE_FIX_AND_CONTINUE = YES;
				GCC_GENERATE_DEBUGGING_SYMBOLS = YES;
				GCC_OPTIMIZATION_LEVEL = 0;
				OTHER_CFLAGS = "";
				OTHER_LDFLAGS = "";
				OTHER_REZFLAGS = "";
				PRODUCT_NAME = Amua;
				SECTORDER_FLAGS = "";
				WARNING_CFLAGS = (
					"-Wmost",
					"-Wno-four-char-constants",
					"-Wno-unknown-pragmas",
				);
				WRAPPER_EXTENSION = app;
				ZERO_LINK = YES;
			};
			name = Development;
		};
		F43EA05A097A89BA00C0FC11 /* Deployment */ = {
			isa = XCBuildConfiguration;
			buildSettings = {
				COPY_PHASE_STRIP = YES;
				FRAMEWORK_SEARCH_PATHS = "\"$(SRCROOT)\"";
				GCC_ENABLE_FIX_AND_CONTINUE = NO;
				OTHER_CFLAGS = "";
				OTHER_LDFLAGS = "";
				OTHER_REZFLAGS = "";
				PRODUCT_NAME = Amua;
				SECTORDER_FLAGS = "";
				WARNING_CFLAGS = (
					"-Wmost",
					"-Wno-four-char-constants",
					"-Wno-unknown-pragmas",
				);
				WRAPPER_EXTENSION = app;
				ZERO_LINK = NO;
			};
			name = Deployment;
		};
		F43EA05B097A89BA00C0FC11 /* Default */ = {
			isa = XCBuildConfiguration;
			buildSettings = {
				FRAMEWORK_SEARCH_PATHS = (
					/Users/m/Documents/Development/Amua,
					"$(SRCROOT)",
				);
				OTHER_CFLAGS = "";
				OTHER_LDFLAGS = "";
				OTHER_REZFLAGS = "";
				PRODUCT_NAME = Amua;
				SECTORDER_FLAGS = "";
				WARNING_CFLAGS = (
					"-Wmost",
					"-Wno-four-char-constants",
					"-Wno-unknown-pragmas",
				);
				WRAPPER_EXTENSION = app;
			};
			name = Default;
		};
		F43EA05D097A89BA00C0FC11 /* Development */ = {
			isa = XCBuildConfiguration;
			buildSettings = {
				MACOSX_DEPLOYMENT_TARGET = 10.4;
				SDKROOT = /Developer/SDKs/MacOSX10.4u.sdk;
			};
			name = Development;
		};
		F43EA05E097A89BA00C0FC11 /* Deployment */ = {
			isa = XCBuildConfiguration;
			buildSettings = {
				MACOSX_DEPLOYMENT_TARGET = 10.4;
				SDKROOT = /Developer/SDKs/MacOSX10.4u.sdk;
			};
			name = Deployment;
		};
		F43EA05F097A89BA00C0FC11 /* Default */ = {
			isa = XCBuildConfiguration;
			buildSettings = {
				MACOSX_DEPLOYMENT_TARGET = 10.4;
				SDKROOT = /Developer/SDKs/MacOSX10.4u.sdk;
			};
			name = Default;
		};
/* End XCBuildConfiguration section */

/* Begin XCConfigurationList section */
		F43EA058097A89BA00C0FC11 /* Build configuration list for PBXApplicationTarget "Amua" */ = {
			isa = XCConfigurationList;
			buildConfigurations = (
				F43EA059097A89BA00C0FC11 /* Development */,
				F43EA05A097A89BA00C0FC11 /* Deployment */,
				F43EA05B097A89BA00C0FC11 /* Default */,
			);
			defaultConfigurationIsVisible = 0;
			defaultConfigurationName = Deployment;
		};
		F43EA05C097A89BA00C0FC11 /* Build configuration list for PBXProject "Amua" */ = {
			isa = XCConfigurationList;
			buildConfigurations = (
				F43EA05D097A89BA00C0FC11 /* Development */,
				F43EA05E097A89BA00C0FC11 /* Deployment */,
				F43EA05F097A89BA00C0FC11 /* Default */,
			);
			defaultConfigurationIsVisible = 0;
			defaultConfigurationName = Deployment;
		};
/* End XCConfigurationList section */
	};
	rootObject = 29B97313FDCFA39411CA2CEA /* Project object */;
}
