// !$*UTF8*$!
{
	archiveVersion = 1;
	classes = {
	};
	objectVersion = 42;
	objects = {

/* Begin PBXBuildFile section */
		F406995D0A1619530006D2B3 /* main.m in Sources */ = {isa = PBXBuildFile; fileRef = 29B97316FDCFA39411CA2CEA /* main.m */; };
		F406995E0A1619530006D2B3 /* AmuaController.m in Sources */ = {isa = PBXBuildFile; fileRef = 0C83A56007C4F734001A45EA /* AmuaController.m */; };
		F406995F0A1619530006D2B3 /* AmuaUpdater.m in Sources */ = {isa = PBXBuildFile; fileRef = F43B316807DB2D3300E14140 /* AmuaUpdater.m */; };
		F40699600A1619530006D2B3 /* PreferencesController.m in Sources */ = {isa = PBXBuildFile; fileRef = 0C88FD5207C5449800221576 /* PreferencesController.m */; };
		F40699610A1619530006D2B3 /* LastfmWebService.m in Sources */ = {isa = PBXBuildFile; fileRef = 0CB7A6D207C8AA9000E4342A /* LastfmWebService.m */; };
		F40699620A1619530006D2B3 /* AmuaView.m in Sources */ = {isa = PBXBuildFile; fileRef = F4F3FEB907CB28C600ECE67F /* AmuaView.m */; };
		F40699630A1619530006D2B3 /* KeyChain.m in Sources */ = {isa = PBXBuildFile; fileRef = 0C994E0F07D13535005016EE /* KeyChain.m */; };
		F40699640A1619530006D2B3 /* SongInformationPanel.m in Sources */ = {isa = PBXBuildFile; fileRef = F4EF3CE307E1E6DC003BBC9F /* SongInformationPanel.m */; };
		F40699650A1619530006D2B3 /* RecentStations.m in Sources */ = {isa = PBXBuildFile; fileRef = 0C287793096EBB1B00BABB9E /* RecentStations.m */; };
		F40699660A1619530006D2B3 /* StationController.m in Sources */ = {isa = PBXBuildFile; fileRef = 0C287795096EBB1B00BABB9E /* StationController.m */; };
		F40699670A1619530006D2B3 /* SearchService.m in Sources */ = {isa = PBXBuildFile; fileRef = 0C287797096EBB1B00BABB9E /* SearchService.m */; };
		F40699680A1619530006D2B3 /* Notification.m in Sources */ = {isa = PBXBuildFile; fileRef = F46D60FB099646B00023FC2F /* Notification.m */; };
		F40699690A1619530006D2B3 /* FloatingTextField.m in Sources */ = {isa = PBXBuildFile; fileRef = F47030DF09AF6D2100F420F5 /* FloatingTextField.m */; };
		F4069A010A1619600006D2B3 /* Cocoa.framework in Frameworks */ = {isa = PBXBuildFile; fileRef = 0C287A6707C677F400AF7154 /* Cocoa.framework */; };
		F4069A020A1619600006D2B3 /* Carbon.framework in Frameworks */ = {isa = PBXBuildFile; fileRef = F45B8A7F07DB7231007383B1 /* Carbon.framework */; };
		F4069A030A1619600006D2B3 /* libcrypto.dylib in Frameworks */ = {isa = PBXBuildFile; fileRef = 0CB409E30972E5ED00E0C772 /* libcrypto.dylib */; };
		F4069A040A1619600006D2B3 /* CURLHandle.framework in Frameworks */ = {isa = PBXBuildFile; fileRef = F43EA11B097A8AE700C0FC11 /* CURLHandle.framework */; };
		F4069A050A1619880006D2B3 /* InfoPlist.strings in Resources */ = {isa = PBXBuildFile; fileRef = 089C165CFE840E0CC02AAC07 /* InfoPlist.strings */; };
		F4069A060A1619880006D2B3 /* MainMenu.nib in Resources */ = {isa = PBXBuildFile; fileRef = 29B97318FDCFA39411CA2CEA /* MainMenu.nib */; };
		F4069A070A1619880006D2B3 /* Preferences.nib in Resources */ = {isa = PBXBuildFile; fileRef = 0C83A58807C4FE47001A45EA /* Preferences.nib */; };
		F4069A080A1619880006D2B3 /* Notification.nib in Resources */ = {isa = PBXBuildFile; fileRef = F46D60FC099646B00023FC2F /* Notification.nib */; };
		F4069A090A1619880006D2B3 /* Defaults.plist in Resources */ = {isa = PBXBuildFile; fileRef = 0C88FCA507C53D6500221576 /* Defaults.plist */; };
		F4069A0A0A1619880006D2B3 /* Credits.html in Resources */ = {isa = PBXBuildFile; fileRef = 0CB7AD0F07C92F1A00E4342A /* Credits.html */; };
		F4069A0B0A1619880006D2B3 /* Amua.icns in Resources */ = {isa = PBXBuildFile; fileRef = 0C73309107CB340600D4A0AC /* Amua.icns */; };
		F4069A0C0A1619880006D2B3 /* COPYING.txt in Resources */ = {isa = PBXBuildFile; fileRef = 0C287790096EBB1B00BABB9E /* COPYING.txt */; };
		F4069A0D0A1619880006D2B3 /* README.rtf in Resources */ = {isa = PBXBuildFile; fileRef = 0C287791096EBB1B00BABB9E /* README.rtf */; };
		F4069A0E0A1619880006D2B3 /* version.plist in Resources */ = {isa = PBXBuildFile; fileRef = 0C287798096EBB1B00BABB9E /* version.plist */; };
		F4069A0F0A1619880006D2B3 /* nocover.png in Resources */ = {isa = PBXBuildFile; fileRef = F429155609C1C8260088835A /* nocover.png */; };
		F4069A120A1619C30006D2B3 /* CURLHandle.framework in CopyFiles */ = {isa = PBXBuildFile; fileRef = F43EA11B097A8AE700C0FC11 /* CURLHandle.framework */; };
		F445FF010A2C93DD00A9989C /* Growl.framework in Frameworks */ = {isa = PBXBuildFile; fileRef = F445FF000A2C93DD00A9989C /* Growl.framework */; };
		F445FF1C0A2C93FD00A9989C /* Growl.framework in CopyFiles */ = {isa = PBXBuildFile; fileRef = F445FF000A2C93DD00A9989C /* Growl.framework */; };
		F48B8A8B0A3D98BB003C6FA7 /* TagController.h in CopyFiles */ = {isa = PBXBuildFile; fileRef = F48B8A890A3D98BB003C6FA7 /* TagController.h */; };
		F48B8A8C0A3D98BB003C6FA7 /* TagController.m in Sources */ = {isa = PBXBuildFile; fileRef = F48B8A8A0A3D98BB003C6FA7 /* TagController.m */; };
/* End PBXBuildFile section */

/* Begin PBXBuildStyle section */
		4A9504CCFFE6A4B311CA0CBA /* Development */ = {
			isa = PBXBuildStyle;
			buildSettings = {
				COPY_PHASE_STRIP = NO;
				GCC_DYNAMIC_NO_PIC = NO;
				GCC_ENABLE_FIX_AND_CONTINUE = YES;
				GCC_GENERATE_DEBUGGING_SYMBOLS = YES;
				GCC_OPTIMIZATION_LEVEL = 0;
				ZERO_LINK = YES;
			};
			name = Development;
		};
		4A9504CDFFE6A4B311CA0CBA /* Deployment */ = {
			isa = PBXBuildStyle;
			buildSettings = {
				COPY_PHASE_STRIP = YES;
				GCC_ENABLE_FIX_AND_CONTINUE = NO;
				ZERO_LINK = NO;
			};
			name = Deployment;
		};
/* End PBXBuildStyle section */

/* Begin PBXCopyFilesBuildPhase section */
		F4069A100A1619BA0006D2B3 /* CopyFiles */ = {
			isa = PBXCopyFilesBuildPhase;
			buildActionMask = 2147483647;
			dstPath = "";
			dstSubfolderSpec = 10;
			files = (
				F4069A120A1619C30006D2B3 /* CURLHandle.framework in CopyFiles */,
				F445FF1C0A2C93FD00A9989C /* Growl.framework in CopyFiles */,
				F48B8A8B0A3D98BB003C6FA7 /* TagController.h in CopyFiles */,
			);
			runOnlyForDeploymentPostprocessing = 0;
		};
/* End PBXCopyFilesBuildPhase section */

/* Begin PBXFileReference section */
		089C165DFE840E0CC02AAC07 /* English */ = {isa = PBXFileReference; fileEncoding = 10; lastKnownFileType = text.plist.strings; name = English; path = English.lproj/InfoPlist.strings; sourceTree = "<group>"; };
		0C287790096EBB1B00BABB9E /* COPYING.txt */ = {isa = PBXFileReference; fileEncoding = 30; lastKnownFileType = text; path = COPYING.txt; sourceTree = "<group>"; };
		0C287791096EBB1B00BABB9E /* README.rtf */ = {isa = PBXFileReference; lastKnownFileType = text.rtf; path = README.rtf; sourceTree = "<group>"; };
		0C287792096EBB1B00BABB9E /* RecentStations.h */ = {isa = PBXFileReference; fileEncoding = 30; lastKnownFileType = sourcecode.c.h; path = RecentStations.h; sourceTree = "<group>"; };
		0C287793096EBB1B00BABB9E /* RecentStations.m */ = {isa = PBXFileReference; fileEncoding = 30; lastKnownFileType = sourcecode.c.objc; path = RecentStations.m; sourceTree = "<group>"; };
		0C287794096EBB1B00BABB9E /* StationController.h */ = {isa = PBXFileReference; fileEncoding = 30; lastKnownFileType = sourcecode.c.h; path = StationController.h; sourceTree = "<group>"; };
		0C287795096EBB1B00BABB9E /* StationController.m */ = {isa = PBXFileReference; fileEncoding = 30; lastKnownFileType = sourcecode.c.objc; path = StationController.m; sourceTree = "<group>"; };
		0C287796096EBB1B00BABB9E /* SearchService.h */ = {isa = PBXFileReference; fileEncoding = 30; lastKnownFileType = sourcecode.c.h; path = SearchService.h; sourceTree = "<group>"; };
		0C287797096EBB1B00BABB9E /* SearchService.m */ = {isa = PBXFileReference; fileEncoding = 30; lastKnownFileType = sourcecode.c.objc; path = SearchService.m; sourceTree = "<group>"; };
		0C287798096EBB1B00BABB9E /* version.plist */ = {isa = PBXFileReference; fileEncoding = 30; lastKnownFileType = text.xml; path = version.plist; sourceTree = "<group>"; };
		0C287A6707C677F400AF7154 /* Cocoa.framework */ = {isa = PBXFileReference; lastKnownFileType = wrapper.framework; name = Cocoa.framework; path = /System/Library/Frameworks/Cocoa.framework; sourceTree = "<absolute>"; };
		0C73309107CB340600D4A0AC /* Amua.icns */ = {isa = PBXFileReference; lastKnownFileType = image.icns; path = Amua.icns; sourceTree = "<group>"; };
		0C83A56007C4F734001A45EA /* AmuaController.m */ = {isa = PBXFileReference; fileEncoding = 30; lastKnownFileType = sourcecode.c.objc; path = AmuaController.m; sourceTree = "<group>"; };
		0C83A56107C4F734001A45EA /* AmuaController.h */ = {isa = PBXFileReference; fileEncoding = 30; lastKnownFileType = sourcecode.c.h; path = AmuaController.h; sourceTree = "<group>"; };
		0C83A58807C4FE47001A45EA /* Preferences.nib */ = {isa = PBXFileReference; lastKnownFileType = wrapper.nib; path = Preferences.nib; sourceTree = "<group>"; };
		0C88FCA507C53D6500221576 /* Defaults.plist */ = {isa = PBXFileReference; fileEncoding = 4; lastKnownFileType = text.plist; path = Defaults.plist; sourceTree = "<group>"; };
		0C88FD5107C5449800221576 /* PreferencesController.h */ = {isa = PBXFileReference; fileEncoding = 30; lastKnownFileType = sourcecode.c.h; path = PreferencesController.h; sourceTree = "<group>"; };
		0C88FD5207C5449800221576 /* PreferencesController.m */ = {isa = PBXFileReference; fileEncoding = 30; lastKnownFileType = sourcecode.c.objc; path = PreferencesController.m; sourceTree = "<group>"; };
		0C994E0E07D13535005016EE /* KeyChain.h */ = {isa = PBXFileReference; fileEncoding = 30; lastKnownFileType = sourcecode.c.h; path = KeyChain.h; sourceTree = "<group>"; };
		0C994E0F07D13535005016EE /* KeyChain.m */ = {isa = PBXFileReference; fileEncoding = 30; lastKnownFileType = sourcecode.c.objc; path = KeyChain.m; sourceTree = "<group>"; };
		0CB409E30972E5ED00E0C772 /* libcrypto.dylib */ = {isa = PBXFileReference; lastKnownFileType = "compiled.mach-o.dylib"; name = libcrypto.dylib; path = /usr/lib/libcrypto.dylib; sourceTree = "<absolute>"; };
		0CB7A6D107C8AA9000E4342A /* LastfmWebService.h */ = {isa = PBXFileReference; fileEncoding = 4; lastKnownFileType = sourcecode.c.h; path = LastfmWebService.h; sourceTree = "<group>"; };
		0CB7A6D207C8AA9000E4342A /* LastfmWebService.m */ = {isa = PBXFileReference; fileEncoding = 4; lastKnownFileType = sourcecode.c.objc; path = LastfmWebService.m; sourceTree = "<group>"; };
		0CB7AD0F07C92F1A00E4342A /* Credits.html */ = {isa = PBXFileReference; fileEncoding = 4; lastKnownFileType = text.html; path = Credits.html; sourceTree = "<group>"; };
		29B97316FDCFA39411CA2CEA /* main.m */ = {isa = PBXFileReference; fileEncoding = 4; lastKnownFileType = sourcecode.c.objc; path = main.m; sourceTree = "<group>"; };
		29B97319FDCFA39411CA2CEA /* English */ = {isa = PBXFileReference; lastKnownFileType = wrapper.nib; name = English; path = English.lproj/MainMenu.nib; sourceTree = "<group>"; };
		29B97324FDCFA39411CA2CEA /* AppKit.framework */ = {isa = PBXFileReference; lastKnownFileType = wrapper.framework; name = AppKit.framework; path = /System/Library/Frameworks/AppKit.framework; sourceTree = "<absolute>"; };
		29B97325FDCFA39411CA2CEA /* Foundation.framework */ = {isa = PBXFileReference; lastKnownFileType = wrapper.framework; name = Foundation.framework; path = /System/Library/Frameworks/Foundation.framework; sourceTree = "<absolute>"; };
		32CA4F630368D1EE00C91783 /* Amua_Prefix.pch */ = {isa = PBXFileReference; fileEncoding = 4; lastKnownFileType = sourcecode.c.h; path = Amua_Prefix.pch; sourceTree = "<group>"; };
		F40699560A1618A50006D2B3 /* Amua.app */ = {isa = PBXFileReference; explicitFileType = wrapper.application; includeInIndex = 0; path = Amua.app; sourceTree = BUILT_PRODUCTS_DIR; };
		F40699580A1618A50006D2B3 /* Amua-Info.plist */ = {isa = PBXFileReference; lastKnownFileType = text.xml; path = "Amua-Info.plist"; sourceTree = "<group>"; };
		F429155609C1C8260088835A /* nocover.png */ = {isa = PBXFileReference; lastKnownFileType = image.png; path = nocover.png; sourceTree = "<group>"; };
		F43B316707DB2D3300E14140 /* AmuaUpdater.h */ = {isa = PBXFileReference; fileEncoding = 4; lastKnownFileType = sourcecode.c.h; path = AmuaUpdater.h; sourceTree = "<group>"; };
		F43B316807DB2D3300E14140 /* AmuaUpdater.m */ = {isa = PBXFileReference; fileEncoding = 4; lastKnownFileType = sourcecode.c.objc; path = AmuaUpdater.m; sourceTree = "<group>"; };
		F43EA11B097A8AE700C0FC11 /* CURLHandle.framework */ = {isa = PBXFileReference; lastKnownFileType = wrapper.framework; path = CURLHandle.framework; sourceTree = "<group>"; };
		F445FF000A2C93DD00A9989C /* Growl.framework */ = {isa = PBXFileReference; lastKnownFileType = wrapper.framework; path = Growl.framework; sourceTree = "<group>"; };
		F45B8A7F07DB7231007383B1 /* Carbon.framework */ = {isa = PBXFileReference; lastKnownFileType = wrapper.framework; name = Carbon.framework; path = /System/Library/Frameworks/Carbon.framework; sourceTree = "<absolute>"; };
		F46D60FA099646B00023FC2F /* Notification.h */ = {isa = PBXFileReference; fileEncoding = 30; lastKnownFileType = sourcecode.c.h; path = Notification.h; sourceTree = "<group>"; };
		F46D60FB099646B00023FC2F /* Notification.m */ = {isa = PBXFileReference; fileEncoding = 30; lastKnownFileType = sourcecode.c.objc; path = Notification.m; sourceTree = "<group>"; };
		F46D60FC099646B00023FC2F /* Notification.nib */ = {isa = PBXFileReference; lastKnownFileType = wrapper.nib; path = Notification.nib; sourceTree = "<group>"; };
		F47030DE09AF6D2100F420F5 /* FloatingTextField.h */ = {isa = PBXFileReference; fileEncoding = 30; lastKnownFileType = sourcecode.c.h; path = FloatingTextField.h; sourceTree = "<group>"; };
		F47030DF09AF6D2100F420F5 /* FloatingTextField.m */ = {isa = PBXFileReference; fileEncoding = 30; lastKnownFileType = sourcecode.c.objc; path = FloatingTextField.m; sourceTree = "<group>"; };
		F48B8A890A3D98BB003C6FA7 /* TagController.h */ = {isa = PBXFileReference; fileEncoding = 30; lastKnownFileType = sourcecode.c.h; path = TagController.h; sourceTree = "<group>"; };
		F48B8A8A0A3D98BB003C6FA7 /* TagController.m */ = {isa = PBXFileReference; fileEncoding = 30; lastKnownFileType = sourcecode.c.objc; path = TagController.m; sourceTree = "<group>"; };
		F4DB25B8099CCB5500E52D60 /* Debug.h */ = {isa = PBXFileReference; fileEncoding = 4; lastKnownFileType = sourcecode.c.h; path = Debug.h; sourceTree = "<group>"; };
		F4EF3CE207E1E6DC003BBC9F /* SongInformationPanel.h */ = {isa = PBXFileReference; fileEncoding = 30; lastKnownFileType = sourcecode.c.h; path = SongInformationPanel.h; sourceTree = "<group>"; };
		F4EF3CE307E1E6DC003BBC9F /* SongInformationPanel.m */ = {isa = PBXFileReference; fileEncoding = 30; lastKnownFileType = sourcecode.c.objc; path = SongInformationPanel.m; sourceTree = "<group>"; };
		F4F3FEB807CB28C600ECE67F /* AmuaView.h */ = {isa = PBXFileReference; fileEncoding = 30; lastKnownFileType = sourcecode.c.h; path = AmuaView.h; sourceTree = "<group>"; };
		F4F3FEB907CB28C600ECE67F /* AmuaView.m */ = {isa = PBXFileReference; fileEncoding = 30; lastKnownFileType = sourcecode.c.objc; path = AmuaView.m; sourceTree = "<group>"; };
/* End PBXFileReference section */

/* Begin PBXFrameworksBuildPhase section */
		F40699540A1618A50006D2B3 /* Frameworks */ = {
			isa = PBXFrameworksBuildPhase;
			buildActionMask = 2147483647;
			files = (
				F4069A010A1619600006D2B3 /* Cocoa.framework in Frameworks */,
				F4069A020A1619600006D2B3 /* Carbon.framework in Frameworks */,
				F4069A030A1619600006D2B3 /* libcrypto.dylib in Frameworks */,
				F4069A040A1619600006D2B3 /* CURLHandle.framework in Frameworks */,
				F445FF010A2C93DD00A9989C /* Growl.framework in Frameworks */,
			);
			runOnlyForDeploymentPostprocessing = 0;
		};
/* End PBXFrameworksBuildPhase section */

/* Begin PBXGroup section */
		080E96DDFE201D6D7F000001 /* Classes */ = {
			isa = PBXGroup;
			children = (
				0C83A56007C4F734001A45EA /* AmuaController.m */,
				0C287795096EBB1B00BABB9E /* StationController.m */,
				F48B8A8A0A3D98BB003C6FA7 /* TagController.m */,
				0C88FD5207C5449800221576 /* PreferencesController.m */,
				0CB7A6D207C8AA9000E4342A /* LastfmWebService.m */,
				0C287793096EBB1B00BABB9E /* RecentStations.m */,
				F43B316807DB2D3300E14140 /* AmuaUpdater.m */,
				0C287797096EBB1B00BABB9E /* SearchService.m */,
				F4F3FEB907CB28C600ECE67F /* AmuaView.m */,
				F4EF3CE307E1E6DC003BBC9F /* SongInformationPanel.m */,
				F47030DF09AF6D2100F420F5 /* FloatingTextField.m */,
				F46D60FB099646B00023FC2F /* Notification.m */,
				0C994E0F07D13535005016EE /* KeyChain.m */,
			);
			name = Classes;
			sourceTree = "<group>";
		};
		1058C7A0FEA54F0111CA2CBB /* Linked Frameworks */ = {
			isa = PBXGroup;
			children = (
				F43EA11B097A8AE700C0FC11 /* CURLHandle.framework */,
				0CB409E30972E5ED00E0C772 /* libcrypto.dylib */,
				F45B8A7F07DB7231007383B1 /* Carbon.framework */,
				0C287A6707C677F400AF7154 /* Cocoa.framework */,
				F445FF000A2C93DD00A9989C /* Growl.framework */,
			);
			name = "Linked Frameworks";
			sourceTree = "<group>";
		};
		1058C7A2FEA54F0111CA2CBB /* Other Frameworks */ = {
			isa = PBXGroup;
			children = (
				29B97325FDCFA39411CA2CEA /* Foundation.framework */,
				29B97324FDCFA39411CA2CEA /* AppKit.framework */,
			);
			name = "Other Frameworks";
			sourceTree = "<group>";
		};
		19C28FACFE9D520D11CA2CBB /* Products */ = {
			isa = PBXGroup;
			children = (
				F40699560A1618A50006D2B3 /* Amua.app */,
			);
			name = Products;
			sourceTree = "<group>";
		};
		29B97314FDCFA39411CA2CEA /* Amua */ = {
			isa = PBXGroup;
			children = (
				F43B313507DA3E4200E14140 /* Headers */,
				080E96DDFE201D6D7F000001 /* Classes */,
				29B97315FDCFA39411CA2CEA /* Other Sources */,
				29B97317FDCFA39411CA2CEA /* Resources */,
				29B97323FDCFA39411CA2CEA /* Frameworks */,
				19C28FACFE9D520D11CA2CBB /* Products */,
			);
			name = Amua;
			sourceTree = "<group>";
		};
		29B97315FDCFA39411CA2CEA /* Other Sources */ = {
			isa = PBXGroup;
			children = (
				32CA4F630368D1EE00C91783 /* Amua_Prefix.pch */,
				29B97316FDCFA39411CA2CEA /* main.m */,
			);
			name = "Other Sources";
			sourceTree = "<group>";
		};
		29B97317FDCFA39411CA2CEA /* Resources */ = {
			isa = PBXGroup;
			children = (
				F40699580A1618A50006D2B3 /* Amua-Info.plist */,
				0CB7AD0F07C92F1A00E4342A /* Credits.html */,
				0C88FCA507C53D6500221576 /* Defaults.plist */,
				0C287798096EBB1B00BABB9E /* version.plist */,
				0C287791096EBB1B00BABB9E /* README.rtf */,
				0C287790096EBB1B00BABB9E /* COPYING.txt */,
				0C73309107CB340600D4A0AC /* Amua.icns */,
				F429155609C1C8260088835A /* nocover.png */,
				089C165CFE840E0CC02AAC07 /* InfoPlist.strings */,
				29B97318FDCFA39411CA2CEA /* MainMenu.nib */,
				0C83A58807C4FE47001A45EA /* Preferences.nib */,
				F46D60FC099646B00023FC2F /* Notification.nib */,
			);
			name = Resources;
			sourceTree = "<group>";
		};
		29B97323FDCFA39411CA2CEA /* Frameworks */ = {
			isa = PBXGroup;
			children = (
				1058C7A0FEA54F0111CA2CBB /* Linked Frameworks */,
				1058C7A2FEA54F0111CA2CBB /* Other Frameworks */,
			);
			name = Frameworks;
			sourceTree = "<group>";
		};
		F43B313507DA3E4200E14140 /* Headers */ = {
			isa = PBXGroup;
			children = (
				0C83A56107C4F734001A45EA /* AmuaController.h */,
				0C287794096EBB1B00BABB9E /* StationController.h */,
				F48B8A890A3D98BB003C6FA7 /* TagController.h */,
				0C88FD5107C5449800221576 /* PreferencesController.h */,
				0CB7A6D107C8AA9000E4342A /* LastfmWebService.h */,
				0C287792096EBB1B00BABB9E /* RecentStations.h */,
				F43B316707DB2D3300E14140 /* AmuaUpdater.h */,
				0C287796096EBB1B00BABB9E /* SearchService.h */,
				F4F3FEB807CB28C600ECE67F /* AmuaView.h */,
				F4EF3CE207E1E6DC003BBC9F /* SongInformationPanel.h */,
				F47030DE09AF6D2100F420F5 /* FloatingTextField.h */,
				F46D60FA099646B00023FC2F /* Notification.h */,
				0C994E0E07D13535005016EE /* KeyChain.h */,
				F4DB25B8099CCB5500E52D60 /* Debug.h */,
			);
			name = Headers;
			sourceTree = "<group>";
		};
/* End PBXGroup section */

/* Begin PBXNativeTarget section */
		F40699550A1618A50006D2B3 /* Amua */ = {
			isa = PBXNativeTarget;
			buildConfigurationList = F40699590A1618A60006D2B3 /* Build configuration list for PBXNativeTarget "Amua" */;
			buildPhases = (
				F4069A100A1619BA0006D2B3 /* CopyFiles */,
				F40699520A1618A50006D2B3 /* Resources */,
				F40699530A1618A50006D2B3 /* Sources */,
				F40699540A1618A50006D2B3 /* Frameworks */,
			);
			buildRules = (
			);
			buildSettings = {
				GCC_ENABLE_FIX_AND_CONTINUE = YES;
				GCC_MODEL_TUNING = G5;
				GCC_PRECOMPILE_PREFIX_HEADER = YES;
				GCC_PREFIX_HEADER = "$(SYSTEM_LIBRARY_DIR)/Frameworks/AppKit.framework/Headers/AppKit.h";
				INFOPLIST_FILE = "Amua-Info.plist";
				INSTALL_PATH = "$(HOME)/Applications";
				OTHER_LDFLAGS = (
					"-framework",
					Foundation,
					"-framework",
					AppKit,
				);
				PREBINDING = NO;
				PRODUCT_NAME = Amua;
				WRAPPER_EXTENSION = app;
				ZERO_LINK = YES;
			};
			dependencies = (
			);
			name = Amua;
			productName = Amua;
			productReference = F40699560A1618A50006D2B3 /* Amua.app */;
			productSettingsXML = "<?xml version=\"1.0\" encoding=\"UTF-8\"?>
<!DOCTYPE plist PUBLIC \"-//Apple Computer//DTD PLIST 1.0//EN\" \"http://www.apple.com/DTDs/PropertyList-1.0.dtd\">
<plist version=\"1.0\">
<dict>
	<key>CFBundleDevelopmentRegion</key>
	<string>English</string>
	<key>CFBundleExecutable</key>
	<string>${EXECUTABLE_NAME}</string>
	<key>CFBundleIdentifier</key>
	<string>com.yourcompany.Amua</string>
	<key>CFBundleInfoDictionaryVersion</key>
	<string>6.0</string>
	<key>CFBundlePackageType</key>
	<string>APPL</string>
	<key>CFBundleSignature</key>
	<string>????</string>
	<key>CFBundleVersion</key>
	<string>1.0</string>
	<key>NSMainNibFile</key>
	<string>MainMenu</string>
	<key>NSPrincipalClass</key>
	<string>NSApplication</string>
</dict>
</plist>
";
			productType = "com.apple.product-type.application";
		};
/* End PBXNativeTarget section */

/* Begin PBXProject section */
		29B97313FDCFA39411CA2CEA /* Project object */ = {
			isa = PBXProject;
			buildConfigurationList = F43EA05C097A89BA00C0FC11 /* Build configuration list for PBXProject "Amua" */;
			buildSettings = {
			};
			buildStyles = (
				4A9504CCFFE6A4B311CA0CBA /* Development */,
				4A9504CDFFE6A4B311CA0CBA /* Deployment */,
			);
			hasScannedForEncodings = 1;
			mainGroup = 29B97314FDCFA39411CA2CEA /* Amua */;
			projectDirPath = "";
			targets = (
				F40699550A1618A50006D2B3 /* Amua */,
			);
		};
/* End PBXProject section */

/* Begin PBXResourcesBuildPhase section */
		F40699520A1618A50006D2B3 /* Resources */ = {
			isa = PBXResourcesBuildPhase;
			buildActionMask = 2147483647;
			files = (
				F4069A050A1619880006D2B3 /* InfoPlist.strings in Resources */,
				F4069A060A1619880006D2B3 /* MainMenu.nib in Resources */,
				F4069A070A1619880006D2B3 /* Preferences.nib in Resources */,
				F4069A080A1619880006D2B3 /* Notification.nib in Resources */,
				F4069A090A1619880006D2B3 /* Defaults.plist in Resources */,
				F4069A0A0A1619880006D2B3 /* Credits.html in Resources */,
				F4069A0B0A1619880006D2B3 /* Amua.icns in Resources */,
				F4069A0C0A1619880006D2B3 /* COPYING.txt in Resources */,
				F4069A0D0A1619880006D2B3 /* README.rtf in Resources */,
				F4069A0E0A1619880006D2B3 /* version.plist in Resources */,
				F4069A0F0A1619880006D2B3 /* nocover.png in Resources */,
			);
			runOnlyForDeploymentPostprocessing = 0;
		};
/* End PBXResourcesBuildPhase section */

/* Begin PBXSourcesBuildPhase section */
		F40699530A1618A50006D2B3 /* Sources */ = {
			isa = PBXSourcesBuildPhase;
			buildActionMask = 2147483647;
			files = (
				F406995D0A1619530006D2B3 /* main.m in Sources */,
				F406995E0A1619530006D2B3 /* AmuaController.m in Sources */,
				F406995F0A1619530006D2B3 /* AmuaUpdater.m in Sources */,
				F40699600A1619530006D2B3 /* PreferencesController.m in Sources */,
				F40699610A1619530006D2B3 /* LastfmWebService.m in Sources */,
				F40699620A1619530006D2B3 /* AmuaView.m in Sources */,
				F40699630A1619530006D2B3 /* KeyChain.m in Sources */,
				F40699640A1619530006D2B3 /* SongInformationPanel.m in Sources */,
				F40699650A1619530006D2B3 /* RecentStations.m in Sources */,
				F40699660A1619530006D2B3 /* StationController.m in Sources */,
				F40699670A1619530006D2B3 /* SearchService.m in Sources */,
				F40699680A1619530006D2B3 /* Notification.m in Sources */,
				F40699690A1619530006D2B3 /* FloatingTextField.m in Sources */,
				F48B8A8C0A3D98BB003C6FA7 /* TagController.m in Sources */,
			);
			runOnlyForDeploymentPostprocessing = 0;
		};
/* End PBXSourcesBuildPhase section */

/* Begin PBXVariantGroup section */
		089C165CFE840E0CC02AAC07 /* InfoPlist.strings */ = {
			isa = PBXVariantGroup;
			children = (
				089C165DFE840E0CC02AAC07 /* English */,
			);
			name = InfoPlist.strings;
			sourceTree = "<group>";
		};
		29B97318FDCFA39411CA2CEA /* MainMenu.nib */ = {
			isa = PBXVariantGroup;
			children = (
				29B97319FDCFA39411CA2CEA /* English */,
			);
			name = MainMenu.nib;
			sourceTree = "<group>";
		};
/* End PBXVariantGroup section */

/* Begin XCBuildConfiguration section */
		F406995A0A1618A60006D2B3 /* Development */ = {
			isa = XCBuildConfiguration;
			buildSettings = {
				COPY_PHASE_STRIP = NO;
				FRAMEWORK_SEARCH_PATHS = (
					"$(FRAMEWORK_SEARCH_PATHS)",
					"$(SRCROOT)",
				);
				GCC_DYNAMIC_NO_PIC = NO;
				GCC_ENABLE_FIX_AND_CONTINUE = YES;
				GCC_GENERATE_DEBUGGING_SYMBOLS = YES;
				GCC_MODEL_TUNING = G5;
				GCC_OPTIMIZATION_LEVEL = 0;
				GCC_PRECOMPILE_PREFIX_HEADER = YES;
				GCC_PREFIX_HEADER = "$(SYSTEM_LIBRARY_DIR)/Frameworks/AppKit.framework/Headers/AppKit.h";
				INFOPLIST_FILE = "Amua-Info.plist";
				INSTALL_PATH = "$(HOME)/Applications";
				OTHER_LDFLAGS = (
					"-framework",
					Foundation,
					"-framework",
					AppKit,
				);
				PREBINDING = NO;
				PRODUCT_NAME = Amua;
				WRAPPER_EXTENSION = app;
				ZERO_LINK = YES;
			};
			name = Development;
		};
		F406995B0A1618A60006D2B3 /* Deployment */ = {
			isa = XCBuildConfiguration;
			buildSettings = {
				ARCHS = (
					ppc,
					i386,
				);
				COPY_PHASE_STRIP = YES;
				FRAMEWORK_SEARCH_PATHS = (
					"$(FRAMEWORK_SEARCH_PATHS)",
					"$(SRCROOT)",
				);
				GCC_ENABLE_FIX_AND_CONTINUE = NO;
				GCC_GENERATE_DEBUGGING_SYMBOLS = NO;
				GCC_MODEL_TUNING = G5;
				GCC_PRECOMPILE_PREFIX_HEADER = YES;
				GCC_PREFIX_HEADER = "$(SYSTEM_LIBRARY_DIR)/Frameworks/AppKit.framework/Headers/AppKit.h";
				INFOPLIST_FILE = "Amua-Info.plist";
				INSTALL_PATH = "$(HOME)/Applications";
				OTHER_LDFLAGS = (
					"-framework",
					Foundation,
					"-framework",
					AppKit,
				);
				PREBINDING = NO;
				PRODUCT_NAME = Amua;
				WRAPPER_EXTENSION = app;
				ZERO_LINK = NO;
			};
			name = Deployment;
		};
		F406995C0A1618A60006D2B3 /* Default */ = {
			isa = XCBuildConfiguration;
			buildSettings = {
				FRAMEWORK_SEARCH_PATHS = (
					"$(FRAMEWORK_SEARCH_PATHS)",
					"$(SRCROOT)",
				);
				GCC_ENABLE_FIX_AND_CONTINUE = YES;
				GCC_MODEL_TUNING = G5;
				GCC_PRECOMPILE_PREFIX_HEADER = YES;
				GCC_PREFIX_HEADER = "$(SYSTEM_LIBRARY_DIR)/Frameworks/AppKit.framework/Headers/AppKit.h";
				INFOPLIST_FILE = "Amua-Info.plist";
				INSTALL_PATH = "$(HOME)/Applications";
				OTHER_LDFLAGS = (
					"-framework",
					Foundation,
					"-framework",
					AppKit,
				);
				PREBINDING = NO;
				PRODUCT_NAME = Amua;
				WRAPPER_EXTENSION = app;
				ZERO_LINK = YES;
			};
			name = Default;
		};
		F43EA05D097A89BA00C0FC11 /* Development */ = {
			isa = XCBuildConfiguration;
			buildSettings = {
				MACOSX_DEPLOYMENT_TARGET = 10.4;
				SDKROOT = /Developer/SDKs/MacOSX10.4u.sdk;
			};
			name = Development;
		};
		F43EA05E097A89BA00C0FC11 /* Deployment */ = {
			isa = XCBuildConfiguration;
			buildSettings = {
				MACOSX_DEPLOYMENT_TARGET = 10.4;
				SDKROOT = /Developer/SDKs/MacOSX10.4u.sdk;
			};
			name = Deployment;
		};
		F43EA05F097A89BA00C0FC11 /* Default */ = {
			isa = XCBuildConfiguration;
			buildSettings = {
				MACOSX_DEPLOYMENT_TARGET = 10.4;
				SDKROOT = /Developer/SDKs/MacOSX10.4u.sdk;
			};
			name = Default;
		};
/* End XCBuildConfiguration section */

/* Begin XCConfigurationList section */
		F40699590A1618A60006D2B3 /* Build configuration list for PBXNativeTarget "Amua" */ = {
			isa = XCConfigurationList;
			buildConfigurations = (
				F406995A0A1618A60006D2B3 /* Development */,
				F406995B0A1618A60006D2B3 /* Deployment */,
				F406995C0A1618A60006D2B3 /* Default */,
			);
			defaultConfigurationIsVisible = 0;
			defaultConfigurationName = Deployment;
		};
		F43EA05C097A89BA00C0FC11 /* Build configuration list for PBXProject "Amua" */ = {
			isa = XCConfigurationList;
			buildConfigurations = (
				F43EA05D097A89BA00C0FC11 /* Development */,
				F43EA05E097A89BA00C0FC11 /* Deployment */,
				F43EA05F097A89BA00C0FC11 /* Default */,
			);
			defaultConfigurationIsVisible = 0;
			defaultConfigurationName = Deployment;
		};
/* End XCConfigurationList section */
	};
	rootObject = 29B97313FDCFA39411CA2CEA /* Project object */;
}
