// !$*UTF8*$!
{
	archiveVersion = 1;
	classes = {
	};
	objectVersion = 39;
	objects = {
		080E96DDFE201D6D7F000001 = {
			children = (
				0C83A56007C4F734001A45EA,
				0CB7A6D207C8AA9000E4342A,
				0C88FD5207C5449800221576,
				F4F3FEB907CB28C600ECE67F,
				F4EF3CE307E1E6DC003BBC9F,
				F43B316807DB2D3300E14140,
				0C994E0F07D13535005016EE,
				0C287793096EBB1B00BABB9E,
				0C287795096EBB1B00BABB9E,
				0C287797096EBB1B00BABB9E,
			);
			isa = PBXGroup;
			name = Classes;
			refType = 4;
			sourceTree = "<group>";
		};
		089C165CFE840E0CC02AAC07 = {
			children = (
				089C165DFE840E0CC02AAC07,
			);
			isa = PBXVariantGroup;
			name = InfoPlist.strings;
			refType = 4;
			sourceTree = "<group>";
		};
		089C165DFE840E0CC02AAC07 = {
			fileEncoding = 10;
			isa = PBXFileReference;
			lastKnownFileType = text.plist.strings;
			name = English;
			path = English.lproj/InfoPlist.strings;
			refType = 4;
			sourceTree = "<group>";
		};
//080
//081
//082
//083
//084
//0C0
//0C1
//0C2
//0C3
//0C4
		0C287790096EBB1B00BABB9E = {
			fileEncoding = 30;
			isa = PBXFileReference;
			lastKnownFileType = text;
			path = COPYING.txt;
			refType = 4;
			sourceTree = "<group>";
		};
		0C287791096EBB1B00BABB9E = {
			isa = PBXFileReference;
			lastKnownFileType = text.rtf;
			path = README.rtf;
			refType = 4;
			sourceTree = "<group>";
		};
		0C287792096EBB1B00BABB9E = {
			fileEncoding = 30;
			isa = PBXFileReference;
			lastKnownFileType = sourcecode.c.h;
			path = RecentStations.h;
			refType = 4;
			sourceTree = "<group>";
		};
		0C287793096EBB1B00BABB9E = {
			fileEncoding = 30;
			isa = PBXFileReference;
			lastKnownFileType = sourcecode.c.objc;
			path = RecentStations.m;
			refType = 4;
			sourceTree = "<group>";
		};
		0C287794096EBB1B00BABB9E = {
			fileEncoding = 30;
			isa = PBXFileReference;
			lastKnownFileType = sourcecode.c.h;
			path = StationController.h;
			refType = 4;
			sourceTree = "<group>";
		};
		0C287795096EBB1B00BABB9E = {
			fileEncoding = 30;
			isa = PBXFileReference;
			lastKnownFileType = sourcecode.c.objc;
			path = StationController.m;
			refType = 4;
			sourceTree = "<group>";
		};
		0C287796096EBB1B00BABB9E = {
			fileEncoding = 30;
			isa = PBXFileReference;
			lastKnownFileType = sourcecode.c.h;
			path = StationSearchService.h;
			refType = 4;
			sourceTree = "<group>";
		};
		0C287797096EBB1B00BABB9E = {
			fileEncoding = 30;
			isa = PBXFileReference;
			lastKnownFileType = sourcecode.c.objc;
			path = StationSearchService.m;
			refType = 4;
			sourceTree = "<group>";
		};
		0C287798096EBB1B00BABB9E = {
			fileEncoding = 30;
			isa = PBXFileReference;
			lastKnownFileType = text.xml;
			path = version.plist;
			refType = 4;
			sourceTree = "<group>";
		};
		0C287799096EBB1B00BABB9E = {
			fileRef = 0C287790096EBB1B00BABB9E;
			isa = PBXBuildFile;
			settings = {
			};
		};
		0C28779A096EBB1B00BABB9E = {
			fileRef = 0C287791096EBB1B00BABB9E;
			isa = PBXBuildFile;
			settings = {
			};
		};
		0C28779B096EBB1B00BABB9E = {
			fileRef = 0C287792096EBB1B00BABB9E;
			isa = PBXBuildFile;
			settings = {
			};
		};
		0C28779C096EBB1B00BABB9E = {
			fileRef = 0C287793096EBB1B00BABB9E;
			isa = PBXBuildFile;
			settings = {
			};
		};
		0C28779D096EBB1B00BABB9E = {
			fileRef = 0C287794096EBB1B00BABB9E;
			isa = PBXBuildFile;
			settings = {
			};
		};
		0C28779E096EBB1B00BABB9E = {
			fileRef = 0C287795096EBB1B00BABB9E;
			isa = PBXBuildFile;
			settings = {
			};
		};
		0C28779F096EBB1B00BABB9E = {
			fileRef = 0C287796096EBB1B00BABB9E;
			isa = PBXBuildFile;
			settings = {
			};
		};
		0C2877A0096EBB1B00BABB9E = {
			fileRef = 0C287797096EBB1B00BABB9E;
			isa = PBXBuildFile;
			settings = {
			};
		};
		0C2877A1096EBB1B00BABB9E = {
			fileRef = 0C287798096EBB1B00BABB9E;
			isa = PBXBuildFile;
			settings = {
			};
		};
		0C287A6707C677F400AF7154 = {
			isa = PBXFileReference;
			lastKnownFileType = wrapper.framework;
			name = Cocoa.framework;
			path = /System/Library/Frameworks/Cocoa.framework;
			refType = 0;
			sourceTree = "<absolute>";
		};
		0C287A6807C677F400AF7154 = {
			fileRef = 0C287A6707C677F400AF7154;
			isa = PBXBuildFile;
			settings = {
			};
		};
		0C287A7407C6787400AF7154 = {
			buildActionMask = 2147483647;
			dstPath = "";
			dstSubfolderSpec = 10;
			files = (
				0C5D883507CCAC2400067D6B,
			);
			isa = PBXCopyFilesBuildPhase;
			runOnlyForDeploymentPostprocessing = 0;
		};
		0C5D882707CCAC0B00067D6B = {
			isa = PBXFileReference;
			lastKnownFileType = wrapper.framework;
			path = CURLHandle.framework;
			refType = 2;
			sourceTree = SOURCE_ROOT;
		};
		0C5D882807CCAC0B00067D6B = {
			fileRef = 0C5D882707CCAC0B00067D6B;
			isa = PBXBuildFile;
			settings = {
			};
		};
		0C5D883507CCAC2400067D6B = {
			fileRef = 0C5D882707CCAC0B00067D6B;
			isa = PBXBuildFile;
			settings = {
			};
		};
		0C73309107CB340600D4A0AC = {
			isa = PBXFileReference;
			lastKnownFileType = image.icns;
			path = Amua.icns;
			refType = 4;
			sourceTree = "<group>";
		};
		0C73309207CB340600D4A0AC = {
			fileRef = 0C73309107CB340600D4A0AC;
			isa = PBXBuildFile;
			settings = {
			};
		};
		0C83A56007C4F734001A45EA = {
			fileEncoding = 30;
			isa = PBXFileReference;
			lastKnownFileType = sourcecode.c.objc;
			path = AmuaController.m;
			refType = 4;
			sourceTree = "<group>";
		};
		0C83A56107C4F734001A45EA = {
			fileEncoding = 30;
			isa = PBXFileReference;
			lastKnownFileType = sourcecode.c.h;
			path = AmuaController.h;
			refType = 4;
			sourceTree = "<group>";
		};
		0C83A56207C4F734001A45EA = {
			fileRef = 0C83A56007C4F734001A45EA;
			isa = PBXBuildFile;
			settings = {
			};
		};
		0C83A56307C4F734001A45EA = {
			fileRef = 0C83A56107C4F734001A45EA;
			isa = PBXBuildFile;
			settings = {
			};
		};
		0C83A58807C4FE47001A45EA = {
			isa = PBXFileReference;
			lastKnownFileType = wrapper.nib;
			path = Preferences.nib;
			refType = 4;
			sourceTree = "<group>";
		};
		0C83A58907C4FE47001A45EA = {
			fileRef = 0C83A58807C4FE47001A45EA;
			isa = PBXBuildFile;
			settings = {
			};
		};
		0C88FCA507C53D6500221576 = {
			fileEncoding = 4;
			isa = PBXFileReference;
			lastKnownFileType = text.plist;
			path = Defaults.plist;
			refType = 4;
			sourceTree = "<group>";
		};
		0C88FCA607C53D6500221576 = {
			fileRef = 0C88FCA507C53D6500221576;
			isa = PBXBuildFile;
			settings = {
			};
		};
		0C88FD5107C5449800221576 = {
			fileEncoding = 30;
			isa = PBXFileReference;
			lastKnownFileType = sourcecode.c.h;
			path = PreferencesController.h;
			refType = 4;
			sourceTree = "<group>";
		};
		0C88FD5207C5449800221576 = {
			fileEncoding = 30;
			isa = PBXFileReference;
			lastKnownFileType = sourcecode.c.objc;
			path = PreferencesController.m;
			refType = 4;
			sourceTree = "<group>";
		};
		0C88FD5307C5449800221576 = {
			fileRef = 0C88FD5107C5449800221576;
			isa = PBXBuildFile;
			settings = {
			};
		};
		0C88FD5407C5449800221576 = {
			fileRef = 0C88FD5207C5449800221576;
			isa = PBXBuildFile;
			settings = {
			};
		};
		0C994E0E07D13535005016EE = {
			fileEncoding = 30;
			isa = PBXFileReference;
			lastKnownFileType = sourcecode.c.h;
			path = KeyChain.h;
			refType = 4;
			sourceTree = "<group>";
		};
		0C994E0F07D13535005016EE = {
			fileEncoding = 30;
			isa = PBXFileReference;
			lastKnownFileType = sourcecode.c.objc;
			path = KeyChain.m;
			refType = 4;
			sourceTree = "<group>";
		};
		0C994E1007D13535005016EE = {
			fileRef = 0C994E0E07D13535005016EE;
			isa = PBXBuildFile;
			settings = {
			};
		};
		0C994E1107D13535005016EE = {
			fileRef = 0C994E0F07D13535005016EE;
			isa = PBXBuildFile;
			settings = {
			};
		};
		0CB409E30972E5ED00E0C772 = {
			isa = PBXFileReference;
			lastKnownFileType = "compiled.mach-o.dylib";
			name = libcrypto.dylib;
			path = /usr/lib/libcrypto.dylib;
			refType = 0;
			sourceTree = "<absolute>";
		};
		0CB409E40972E5ED00E0C772 = {
			fileRef = 0CB409E30972E5ED00E0C772;
			isa = PBXBuildFile;
			settings = {
			};
		};
		0CB7A6D107C8AA9000E4342A = {
			fileEncoding = 4;
			isa = PBXFileReference;
			lastKnownFileType = sourcecode.c.h;
			path = LastfmWebService.h;
			refType = 4;
			sourceTree = "<group>";
		};
		0CB7A6D207C8AA9000E4342A = {
			fileEncoding = 4;
			isa = PBXFileReference;
			lastKnownFileType = sourcecode.c.objc;
			path = LastfmWebService.m;
			refType = 4;
			sourceTree = "<group>";
		};
		0CB7A6D307C8AA9000E4342A = {
			fileRef = 0CB7A6D107C8AA9000E4342A;
			isa = PBXBuildFile;
			settings = {
			};
		};
		0CB7A6D407C8AA9000E4342A = {
			fileRef = 0CB7A6D207C8AA9000E4342A;
			isa = PBXBuildFile;
			settings = {
			};
		};
		0CB7AD0F07C92F1A00E4342A = {
			fileEncoding = 4;
			isa = PBXFileReference;
			lastKnownFileType = text.html;
			path = Credits.html;
			refType = 4;
			sourceTree = "<group>";
		};
		0CB7AD1007C92F1A00E4342A = {
			fileRef = 0CB7AD0F07C92F1A00E4342A;
			isa = PBXBuildFile;
			settings = {
			};
		};
//0C0
//0C1
//0C2
//0C3
//0C4
//100
//101
//102
//103
//104
		1058C7A0FEA54F0111CA2CBB = {
			children = (
				0CB409E30972E5ED00E0C772,
				0C5D882707CCAC0B00067D6B,
				F45B8A7F07DB7231007383B1,
				0C287A6707C677F400AF7154,
			);
			isa = PBXGroup;
			name = "Linked Frameworks";
			refType = 4;
			sourceTree = "<group>";
		};
		1058C7A2FEA54F0111CA2CBB = {
			children = (
				29B97325FDCFA39411CA2CEA,
				29B97324FDCFA39411CA2CEA,
			);
			isa = PBXGroup;
			name = "Other Frameworks";
			refType = 4;
			sourceTree = "<group>";
		};
//100
//101
//102
//103
//104
//190
//191
//192
//193
//194
		19C28FACFE9D520D11CA2CBB = {
			children = (
				8D1107320486CEB800E47090,
			);
			isa = PBXGroup;
			name = Products;
			refType = 4;
			sourceTree = "<group>";
		};
//190
//191
//192
//193
//194
//290
//291
//292
//293
//294
		29B97313FDCFA39411CA2CEA = {
			buildSettings = {
			};
			buildStyles = (
				4A9504CCFFE6A4B311CA0CBA,
				4A9504CDFFE6A4B311CA0CBA,
			);
			hasScannedForEncodings = 1;
			isa = PBXProject;
			mainGroup = 29B97314FDCFA39411CA2CEA;
			projectDirPath = "";
			targets = (
				8D1107260486CEB800E47090,
			);
		};
		29B97314FDCFA39411CA2CEA = {
			children = (
				F43B313507DA3E4200E14140,
				080E96DDFE201D6D7F000001,
				29B97315FDCFA39411CA2CEA,
				29B97317FDCFA39411CA2CEA,
				29B97323FDCFA39411CA2CEA,
				19C28FACFE9D520D11CA2CBB,
			);
			isa = PBXGroup;
			name = Amua;
			path = "";
			refType = 4;
			sourceTree = "<group>";
		};
		29B97315FDCFA39411CA2CEA = {
			children = (
				32CA4F630368D1EE00C91783,
				29B97316FDCFA39411CA2CEA,
			);
			isa = PBXGroup;
			name = "Other Sources";
			path = "";
			refType = 4;
			sourceTree = "<group>";
		};
		29B97316FDCFA39411CA2CEA = {
			fileEncoding = 4;
			isa = PBXFileReference;
			lastKnownFileType = sourcecode.c.objc;
			path = main.m;
			refType = 4;
			sourceTree = "<group>";
		};
		29B97317FDCFA39411CA2CEA = {
			children = (
				0CB7AD0F07C92F1A00E4342A,
				0C88FCA507C53D6500221576,
				8D1107310486CEB800E47090,
				0C287798096EBB1B00BABB9E,
				0C287791096EBB1B00BABB9E,
				0C287790096EBB1B00BABB9E,
				0C73309107CB340600D4A0AC,
				089C165CFE840E0CC02AAC07,
				29B97318FDCFA39411CA2CEA,
				0C83A58807C4FE47001A45EA,
			);
			isa = PBXGroup;
			name = Resources;
			path = "";
			refType = 4;
			sourceTree = "<group>";
		};
		29B97318FDCFA39411CA2CEA = {
			children = (
				29B97319FDCFA39411CA2CEA,
			);
			isa = PBXVariantGroup;
			name = MainMenu.nib;
			path = "";
			refType = 4;
			sourceTree = "<group>";
		};
		29B97319FDCFA39411CA2CEA = {
			isa = PBXFileReference;
			lastKnownFileType = wrapper.nib;
			name = English;
			path = English.lproj/MainMenu.nib;
			refType = 4;
			sourceTree = "<group>";
		};
		29B97323FDCFA39411CA2CEA = {
			children = (
				1058C7A0FEA54F0111CA2CBB,
				1058C7A2FEA54F0111CA2CBB,
			);
			isa = PBXGroup;
			name = Frameworks;
			path = "";
			refType = 4;
			sourceTree = "<group>";
		};
		29B97324FDCFA39411CA2CEA = {
			isa = PBXFileReference;
			lastKnownFileType = wrapper.framework;
			name = AppKit.framework;
			path = /System/Library/Frameworks/AppKit.framework;
			refType = 0;
			sourceTree = "<absolute>";
		};
		29B97325FDCFA39411CA2CEA = {
			isa = PBXFileReference;
			lastKnownFileType = wrapper.framework;
			name = Foundation.framework;
			path = /System/Library/Frameworks/Foundation.framework;
			refType = 0;
			sourceTree = "<absolute>";
		};
//290
//291
//292
//293
//294
//320
//321
//322
//323
//324
		32CA4F630368D1EE00C91783 = {
			fileEncoding = 4;
			isa = PBXFileReference;
			lastKnownFileType = sourcecode.c.h;
			path = Amua_Prefix.pch;
			refType = 4;
			sourceTree = "<group>";
		};
//320
//321
//322
//323
//324
//4A0
//4A1
//4A2
//4A3
//4A4
		4A9504CCFFE6A4B311CA0CBA = {
			buildSettings = {
				COPY_PHASE_STRIP = NO;
				GCC_DYNAMIC_NO_PIC = NO;
				GCC_ENABLE_FIX_AND_CONTINUE = YES;
				GCC_GENERATE_DEBUGGING_SYMBOLS = YES;
				GCC_OPTIMIZATION_LEVEL = 0;
				ZERO_LINK = YES;
			};
			isa = PBXBuildStyle;
			name = Development;
		};
		4A9504CDFFE6A4B311CA0CBA = {
			buildSettings = {
				COPY_PHASE_STRIP = YES;
				GCC_ENABLE_FIX_AND_CONTINUE = NO;
				ZERO_LINK = NO;
			};
			isa = PBXBuildStyle;
			name = Deployment;
		};
//4A0
//4A1
//4A2
//4A3
//4A4
//8D0
//8D1
//8D2
//8D3
//8D4
		8D1107260486CEB800E47090 = {
			buildPhases = (
				8D1107290486CEB800E47090,
				8D11072C0486CEB800E47090,
				8D11072E0486CEB800E47090,
				0C287A7407C6787400AF7154,
			);
			buildRules = (
			);
			buildSettings = {
				FRAMEWORK_SEARCH_PATHS = "$(SRCROOT)";
				GCC_GENERATE_DEBUGGING_SYMBOLS = NO;
				GCC_PRECOMPILE_PREFIX_HEADER = YES;
				GCC_PREFIX_HEADER = Amua_Prefix.pch;
				INFOPLIST_FILE = Info.plist;
				INSTALL_PATH = "$(HOME)/Applications";
				PRODUCT_NAME = Amua;
				WRAPPER_EXTENSION = app;
			};
			dependencies = (
			);
			isa = PBXNativeTarget;
			name = Amua;
			productInstallPath = "$(HOME)/Applications";
			productName = Amua;
			productReference = 8D1107320486CEB800E47090;
			productType = "com.apple.product-type.application";
		};
		8D1107290486CEB800E47090 = {
			buildActionMask = 2147483647;
			files = (
				8D11072A0486CEB800E47090,
				8D11072B0486CEB800E47090,
				0C83A56307C4F734001A45EA,
				0C83A58907C4FE47001A45EA,
				0C88FCA607C53D6500221576,
				0C88FD5307C5449800221576,
				0CB7A6D307C8AA9000E4342A,
				0CB7AD1007C92F1A00E4342A,
				F4F3FEBC07CB28C600ECE67F,
				0C73309207CB340600D4A0AC,
				0C994E1007D13535005016EE,
				F43B316907DB2D3300E14140,
				F4EF3CE407E1E6DC003BBC9F,
				0C287799096EBB1B00BABB9E,
				0C28779A096EBB1B00BABB9E,
				0C28779B096EBB1B00BABB9E,
				0C28779D096EBB1B00BABB9E,
				0C28779F096EBB1B00BABB9E,
				0C2877A1096EBB1B00BABB9E,
			);
			isa = PBXResourcesBuildPhase;
			runOnlyForDeploymentPostprocessing = 0;
		};
		8D11072A0486CEB800E47090 = {
			fileRef = 29B97318FDCFA39411CA2CEA;
			isa = PBXBuildFile;
			settings = {
			};
		};
		8D11072B0486CEB800E47090 = {
			fileRef = 089C165CFE840E0CC02AAC07;
			isa = PBXBuildFile;
			settings = {
			};
		};
		8D11072C0486CEB800E47090 = {
			buildActionMask = 2147483647;
			files = (
				8D11072D0486CEB800E47090,
				0C83A56207C4F734001A45EA,
				F43B316A07DB2D3300E14140,
				0C88FD5407C5449800221576,
				0CB7A6D407C8AA9000E4342A,
				F4F3FEBD07CB28C600ECE67F,
				0C994E1107D13535005016EE,
				F4EF3CE507E1E6DC003BBC9F,
				0C28779C096EBB1B00BABB9E,
				0C28779E096EBB1B00BABB9E,
				0C2877A0096EBB1B00BABB9E,
			);
			isa = PBXSourcesBuildPhase;
			runOnlyForDeploymentPostprocessing = 0;
		};
		8D11072D0486CEB800E47090 = {
			fileRef = 29B97316FDCFA39411CA2CEA;
			isa = PBXBuildFile;
			settings = {
				ATTRIBUTES = (
				);
			};
		};
		8D11072E0486CEB800E47090 = {
			buildActionMask = 2147483647;
			files = (
				0C287A6807C677F400AF7154,
				F45B8A8007DB7231007383B1,
				0C5D882807CCAC0B00067D6B,
				0CB409E40972E5ED00E0C772,
			);
			isa = PBXFrameworksBuildPhase;
			runOnlyForDeploymentPostprocessing = 0;
		};
		8D1107310486CEB800E47090 = {
			fileEncoding = 4;
			isa = PBXFileReference;
			lastKnownFileType = text.plist;
			path = Info.plist;
			refType = 4;
			sourceTree = "<group>";
		};
		8D1107320486CEB800E47090 = {
			explicitFileType = wrapper.application;
			includeInIndex = 0;
			isa = PBXFileReference;
			path = Amua.app;
			refType = 3;
			sourceTree = BUILT_PRODUCTS_DIR;
		};
//8D0
//8D1
//8D2
//8D3
//8D4
//F40
//F41
//F42
//F43
//F44
		F43B313507DA3E4200E14140 = {
			children = (
				0C83A56107C4F734001A45EA,
				0CB7A6D107C8AA9000E4342A,
				0C88FD5107C5449800221576,
				F4F3FEB807CB28C600ECE67F,
				F4EF3CE207E1E6DC003BBC9F,
				F43B316707DB2D3300E14140,
				0C994E0E07D13535005016EE,
				0C287792096EBB1B00BABB9E,
				0C287794096EBB1B00BABB9E,
				0C287796096EBB1B00BABB9E,
			);
			isa = PBXGroup;
			name = Headers;
			refType = 4;
			sourceTree = "<group>";
		};
		F43B316707DB2D3300E14140 = {
			fileEncoding = 4;
			isa = PBXFileReference;
			lastKnownFileType = sourcecode.c.h;
			path = AmuaUpdater.h;
			refType = 4;
			sourceTree = "<group>";
		};
		F43B316807DB2D3300E14140 = {
			fileEncoding = 4;
			isa = PBXFileReference;
			lastKnownFileType = sourcecode.c.objc;
			path = AmuaUpdater.m;
			refType = 4;
			sourceTree = "<group>";
		};
		F43B316907DB2D3300E14140 = {
			fileRef = F43B316707DB2D3300E14140;
			isa = PBXBuildFile;
			settings = {
			};
		};
		F43B316A07DB2D3300E14140 = {
			fileRef = F43B316807DB2D3300E14140;
			isa = PBXBuildFile;
			settings = {
			};
		};
		F45B8A7F07DB7231007383B1 = {
			isa = PBXFileReference;
			lastKnownFileType = wrapper.framework;
			name = Carbon.framework;
			path = /System/Library/Frameworks/Carbon.framework;
			refType = 0;
			sourceTree = "<absolute>";
		};
		F45B8A8007DB7231007383B1 = {
			fileRef = F45B8A7F07DB7231007383B1;
			isa = PBXBuildFile;
			settings = {
			};
		};
		F4EF3CE207E1E6DC003BBC9F = {
			fileEncoding = 30;
			isa = PBXFileReference;
			lastKnownFileType = sourcecode.c.h;
			path = SongInformationPanel.h;
			refType = 4;
			sourceTree = "<group>";
		};
		F4EF3CE307E1E6DC003BBC9F = {
			fileEncoding = 30;
			isa = PBXFileReference;
			lastKnownFileType = sourcecode.c.objc;
			path = SongInformationPanel.m;
			refType = 4;
			sourceTree = "<group>";
		};
		F4EF3CE407E1E6DC003BBC9F = {
			fileRef = F4EF3CE207E1E6DC003BBC9F;
			isa = PBXBuildFile;
			settings = {
			};
		};
		F4EF3CE507E1E6DC003BBC9F = {
			fileRef = F4EF3CE307E1E6DC003BBC9F;
			isa = PBXBuildFile;
			settings = {
			};
		};
		F4F3FEB807CB28C600ECE67F = {
			fileEncoding = 30;
			isa = PBXFileReference;
			lastKnownFileType = sourcecode.c.h;
			path = AmuaView.h;
			refType = 4;
			sourceTree = "<group>";
		};
		F4F3FEB907CB28C600ECE67F = {
			fileEncoding = 30;
			isa = PBXFileReference;
			lastKnownFileType = sourcecode.c.objc;
			path = AmuaView.m;
			refType = 4;
			sourceTree = "<group>";
		};
		F4F3FEBC07CB28C600ECE67F = {
			fileRef = F4F3FEB807CB28C600ECE67F;
			isa = PBXBuildFile;
			settings = {
			};
		};
		F4F3FEBD07CB28C600ECE67F = {
			fileRef = F4F3FEB907CB28C600ECE67F;
			isa = PBXBuildFile;
			settings = {
			};
		};
	};
	rootObject = 29B97313FDCFA39411CA2CEA;
}
